// !$*UTF8*$!
{
	archiveVersion = 1;
	classes = {
	};
	objectVersion = 46;
	objects = {

/* Begin PBXBuildFile section */
		8FF717C021A38EFF009428D4 /* FoodModel.swift in Sources */ = {isa = PBXBuildFile; fileRef = 8FF717BF21A38EFF009428D4 /* FoodModel.swift */; };
		D5448BB9DFC1F54BFEF4DB70 /* Pods_BetterRefriger.framework in Frameworks */ = {isa = PBXBuildFile; fileRef = 55503C3B39F686E7611DFB40 /* Pods_BetterRefriger.framework */; };
		FA20D65D2153DC7600E6C093 /* String+substring.swift in Sources */ = {isa = PBXBuildFile; fileRef = FA20D65C2153DC7600E6C093 /* String+substring.swift */; };
		FA20D65F2155342700E6C093 /* FoodListTableViewCell.swift in Sources */ = {isa = PBXBuildFile; fileRef = FA20D65E2155342700E6C093 /* FoodListTableViewCell.swift */; };
		FA26C34F214FEA400081A506 /* UIToolbar+PickerOKButton.swift in Sources */ = {isa = PBXBuildFile; fileRef = FA26C34E214FEA400081A506 /* UIToolbar+PickerOKButton.swift */; };
		FA319BA81E506DD500402ECA /* AppDelegate.swift in Sources */ = {isa = PBXBuildFile; fileRef = FA319BA71E506DD500402ECA /* AppDelegate.swift */; };
		FA319BAA1E506DD500402ECA /* MainViewController.swift in Sources */ = {isa = PBXBuildFile; fileRef = FA319BA91E506DD500402ECA /* MainViewController.swift */; };
		FA319BB01E506DD500402ECA /* BetterRefriger.xcdatamodeld in Sources */ = {isa = PBXBuildFile; fileRef = FA319BAE1E506DD500402ECA /* BetterRefriger.xcdatamodeld */; };
		FA319BB21E506DD500402ECA /* Assets.xcassets in Resources */ = {isa = PBXBuildFile; fileRef = FA319BB11E506DD500402ECA /* Assets.xcassets */; };
		FA319BB51E506DD500402ECA /* LaunchScreen.storyboard in Resources */ = {isa = PBXBuildFile; fileRef = FA319BB31E506DD500402ECA /* LaunchScreen.storyboard */; };
		FA6C976D21A43DDF0007CC1D /* CoreDataStack.swift in Sources */ = {isa = PBXBuildFile; fileRef = FA6C976C21A43DDF0007CC1D /* CoreDataStack.swift */; };
		FA86D1FF2191AC780092E915 /* SelectAreaButton.swift in Sources */ = {isa = PBXBuildFile; fileRef = FA86D1FE2191AC780092E915 /* SelectAreaButton.swift */; };
		FAA3EC461F754A81007F743E /* FoodInputViewController.swift in Sources */ = {isa = PBXBuildFile; fileRef = FAA3EC451F754A81007F743E /* FoodInputViewController.swift */; };
		FADE5B6F21381D090023BFF7 /* MJTextField.swift in Sources */ = {isa = PBXBuildFile; fileRef = FADE5B6E21381D090023BFF7 /* MJTextField.swift */; };
		FADE5BAC213A4E8A0023BFF7 /* UIColor+MJColor.swift in Sources */ = {isa = PBXBuildFile; fileRef = FADE5BAB213A4E8A0023BFF7 /* UIColor+MJColor.swift */; };
		FAFFAA1C2180A0440016E400 /* GoogleService-Info.plist in Resources */ = {isa = PBXBuildFile; fileRef = FAFFAA1B2180A0440016E400 /* GoogleService-Info.plist */; };
/* End PBXBuildFile section */

/* Begin PBXFileReference section */
		55503C3B39F686E7611DFB40 /* Pods_BetterRefriger.framework */ = {isa = PBXFileReference; explicitFileType = wrapper.framework; includeInIndex = 0; path = Pods_BetterRefriger.framework; sourceTree = BUILT_PRODUCTS_DIR; };
		8FF717BF21A38EFF009428D4 /* FoodModel.swift */ = {isa = PBXFileReference; indentWidth = 2; lastKnownFileType = sourcecode.swift; path = FoodModel.swift; sourceTree = "<group>"; tabWidth = 2; };
		9824B7B4658D5C874FE81DCD /* Pods-BetterRefriger.release.xcconfig */ = {isa = PBXFileReference; includeInIndex = 1; lastKnownFileType = text.xcconfig; name = "Pods-BetterRefriger.release.xcconfig"; path = "Pods/Target Support Files/Pods-BetterRefriger/Pods-BetterRefriger.release.xcconfig"; sourceTree = "<group>"; };
		B75DF2EB9ACD5B0FF7A4B3C9 /* Pods-BetterRefriger.debug.xcconfig */ = {isa = PBXFileReference; includeInIndex = 1; lastKnownFileType = text.xcconfig; name = "Pods-BetterRefriger.debug.xcconfig"; path = "Pods/Target Support Files/Pods-BetterRefriger/Pods-BetterRefriger.debug.xcconfig"; sourceTree = "<group>"; };
		FA20D65C2153DC7600E6C093 /* String+substring.swift */ = {isa = PBXFileReference; indentWidth = 2; lastKnownFileType = sourcecode.swift; path = "String+substring.swift"; sourceTree = "<group>"; tabWidth = 2; };
		FA20D65E2155342700E6C093 /* FoodListTableViewCell.swift */ = {isa = PBXFileReference; indentWidth = 2; lastKnownFileType = sourcecode.swift; path = FoodListTableViewCell.swift; sourceTree = "<group>"; tabWidth = 2; };
		FA26C34E214FEA400081A506 /* UIToolbar+PickerOKButton.swift */ = {isa = PBXFileReference; indentWidth = 2; lastKnownFileType = sourcecode.swift; path = "UIToolbar+PickerOKButton.swift"; sourceTree = "<group>"; tabWidth = 2; };
		FA319BA41E506DD500402ECA /* 더나은냉장고.app */ = {isa = PBXFileReference; explicitFileType = wrapper.application; includeInIndex = 0; path = "더나은냉장고.app"; sourceTree = BUILT_PRODUCTS_DIR; };
		FA319BA71E506DD500402ECA /* AppDelegate.swift */ = {isa = PBXFileReference; indentWidth = 2; lastKnownFileType = sourcecode.swift; path = AppDelegate.swift; sourceTree = "<group>"; tabWidth = 2; };
		FA319BA91E506DD500402ECA /* MainViewController.swift */ = {isa = PBXFileReference; indentWidth = 2; lastKnownFileType = sourcecode.swift; path = MainViewController.swift; sourceTree = "<group>"; tabWidth = 2; };
		FA319BAF1E506DD500402ECA /* BetterRefriger.xcdatamodel */ = {isa = PBXFileReference; lastKnownFileType = wrapper.xcdatamodel; path = BetterRefriger.xcdatamodel; sourceTree = "<group>"; };
		FA319BB11E506DD500402ECA /* Assets.xcassets */ = {isa = PBXFileReference; lastKnownFileType = folder.assetcatalog; path = Assets.xcassets; sourceTree = "<group>"; };
		FA319BB41E506DD500402ECA /* Base */ = {isa = PBXFileReference; lastKnownFileType = file.storyboard; name = Base; path = Base.lproj/LaunchScreen.storyboard; sourceTree = "<group>"; };
		FA319BB61E506DD500402ECA /* Info.plist */ = {isa = PBXFileReference; lastKnownFileType = text.plist.xml; path = Info.plist; sourceTree = "<group>"; };
		FA574553218C9CB200B4775E /* BetterRefriger.entitlements */ = {isa = PBXFileReference; lastKnownFileType = text.plist.entitlements; path = BetterRefriger.entitlements; sourceTree = "<group>"; };
		FA6C976C21A43DDF0007CC1D /* CoreDataStack.swift */ = {isa = PBXFileReference; indentWidth = 2; lastKnownFileType = sourcecode.swift; path = CoreDataStack.swift; sourceTree = "<group>"; tabWidth = 2; };
		FA86D1FE2191AC780092E915 /* SelectAreaButton.swift */ = {isa = PBXFileReference; indentWidth = 2; lastKnownFileType = sourcecode.swift; path = SelectAreaButton.swift; sourceTree = "<group>"; tabWidth = 2; };
		FAA3EC451F754A81007F743E /* FoodInputViewController.swift */ = {isa = PBXFileReference; indentWidth = 2; lastKnownFileType = sourcecode.swift; path = FoodInputViewController.swift; sourceTree = "<group>"; tabWidth = 2; usesTabs = 0; };
		FADE5B6E21381D090023BFF7 /* MJTextField.swift */ = {isa = PBXFileReference; indentWidth = 2; lastKnownFileType = sourcecode.swift; path = MJTextField.swift; sourceTree = "<group>"; tabWidth = 2; };
		FADE5BAB213A4E8A0023BFF7 /* UIColor+MJColor.swift */ = {isa = PBXFileReference; indentWidth = 2; lastKnownFileType = sourcecode.swift; path = "UIColor+MJColor.swift"; sourceTree = "<group>"; tabWidth = 2; };
		FAFFAA1B2180A0440016E400 /* GoogleService-Info.plist */ = {isa = PBXFileReference; fileEncoding = 4; lastKnownFileType = text.plist.xml; path = "GoogleService-Info.plist"; sourceTree = "<group>"; };
/* End PBXFileReference section */

/* Begin PBXFrameworksBuildPhase section */
		FA319BA11E506DD500402ECA /* Frameworks */ = {
			isa = PBXFrameworksBuildPhase;
			buildActionMask = 2147483647;
			files = (
				D5448BB9DFC1F54BFEF4DB70 /* Pods_BetterRefriger.framework in Frameworks */,
			);
			runOnlyForDeploymentPostprocessing = 0;
		};
/* End PBXFrameworksBuildPhase section */

/* Begin PBXGroup section */
		800500C82E6464A70D214F96 /* Frameworks */ = {
			isa = PBXGroup;
			children = (
				55503C3B39F686E7611DFB40 /* Pods_BetterRefriger.framework */,
			);
			name = Frameworks;
			sourceTree = "<group>";
		};
		8FF717BE21A38ED7009428D4 /* Models */ = {
			isa = PBXGroup;
			children = (
				8FF717BF21A38EFF009428D4 /* FoodModel.swift */,
				FA6C976C21A43DDF0007CC1D /* CoreDataStack.swift */,
			);
			path = Models;
			sourceTree = "<group>";
		};
		97EFD72D3AC6C43380822605 /* Pods */ = {
			isa = PBXGroup;
			children = (
				B75DF2EB9ACD5B0FF7A4B3C9 /* Pods-BetterRefriger.debug.xcconfig */,
				9824B7B4658D5C874FE81DCD /* Pods-BetterRefriger.release.xcconfig */,
			);
			name = Pods;
			sourceTree = "<group>";
		};
		FA319B9B1E506DD500402ECA = {
			isa = PBXGroup;
			children = (
				FA319BA61E506DD500402ECA /* BetterRefriger */,
				FA319BA51E506DD500402ECA /* Products */,
				97EFD72D3AC6C43380822605 /* Pods */,
				800500C82E6464A70D214F96 /* Frameworks */,
			);
			sourceTree = "<group>";
		};
		FA319BA51E506DD500402ECA /* Products */ = {
			isa = PBXGroup;
			children = (
				FA319BA41E506DD500402ECA /* 더나은냉장고.app */,
			);
			name = Products;
			sourceTree = "<group>";
		};
		FA319BA61E506DD500402ECA /* BetterRefriger */ = {
			isa = PBXGroup;
			children = (
				8FF717BE21A38ED7009428D4 /* Models */,
				FA86D21521A2ED400092E915 /* App */,
				FA319BA91E506DD500402ECA /* MainViewController.swift */,
				FAA3EC451F754A81007F743E /* FoodInputViewController.swift */,
				FA319BB11E506DD500402ECA /* Assets.xcassets */,
				FA319BB31E506DD500402ECA /* LaunchScreen.storyboard */,
				FA319BAE1E506DD500402ECA /* BetterRefriger.xcdatamodeld */,
				FADE5B6E21381D090023BFF7 /* MJTextField.swift */,
				FADE5BAB213A4E8A0023BFF7 /* UIColor+MJColor.swift */,
				FA26C34E214FEA400081A506 /* UIToolbar+PickerOKButton.swift */,
				FA20D65C2153DC7600E6C093 /* String+substring.swift */,
				FA20D65E2155342700E6C093 /* FoodListTableViewCell.swift */,
				FA86D1FE2191AC780092E915 /* SelectAreaButton.swift */,
			);
			path = BetterRefriger;
			sourceTree = "<group>";
		};
		FA86D21521A2ED400092E915 /* App */ = {
			isa = PBXGroup;
			children = (
				FA574553218C9CB200B4775E /* BetterRefriger.entitlements */,
				FA319BA71E506DD500402ECA /* AppDelegate.swift */,
				FA319BB61E506DD500402ECA /* Info.plist */,
				FAFFAA1B2180A0440016E400 /* GoogleService-Info.plist */,
			);
			path = App;
			sourceTree = "<group>";
		};
/* End PBXGroup section */

/* Begin PBXNativeTarget section */
		FA319BA31E506DD500402ECA /* BetterRefriger */ = {
			isa = PBXNativeTarget;
			buildConfigurationList = FA319BB91E506DD500402ECA /* Build configuration list for PBXNativeTarget "BetterRefriger" */;
			buildPhases = (
				B934834F502ED5C32C86BB22 /* [CP] Check Pods Manifest.lock */,
				FA319BA01E506DD500402ECA /* Sources */,
				FA319BA11E506DD500402ECA /* Frameworks */,
				FA319BA21E506DD500402ECA /* Resources */,
				4DCDD3D5F5C190809709AC34 /* [CP] Embed Pods Frameworks */,
				FADE5BAD213C220D0023BFF7 /* Run Script */,
			);
			buildRules = (
			);
			dependencies = (
			);
			name = BetterRefriger;
			productName = BetterRefriger;
			productReference = FA319BA41E506DD500402ECA /* 더나은냉장고.app */;
			productType = "com.apple.product-type.application";
		};
/* End PBXNativeTarget section */

/* Begin PBXProject section */
		FA319B9C1E506DD500402ECA /* Project object */ = {
			isa = PBXProject;
			attributes = {
				LastSwiftUpdateCheck = 0820;
				LastUpgradeCheck = 0940;
				ORGANIZATIONNAME = maengji.com;
				TargetAttributes = {
					FA319BA31E506DD500402ECA = {
						CreatedOnToolsVersion = 8.2.1;
						DevelopmentTeam = JVM82SQA75;
						LastSwiftMigration = 1000;
						ProvisioningStyle = Automatic;
						SystemCapabilities = {
							com.apple.Push = {
								enabled = 1;
							};
						};
					};
				};
			};
			buildConfigurationList = FA319B9F1E506DD500402ECA /* Build configuration list for PBXProject "BetterRefriger" */;
			compatibilityVersion = "Xcode 3.2";
			developmentRegion = English;
			hasScannedForEncodings = 0;
			knownRegions = (
				en,
				Base,
			);
			mainGroup = FA319B9B1E506DD500402ECA;
			productRefGroup = FA319BA51E506DD500402ECA /* Products */;
			projectDirPath = "";
			projectRoot = "";
			targets = (
				FA319BA31E506DD500402ECA /* BetterRefriger */,
			);
		};
/* End PBXProject section */

/* Begin PBXResourcesBuildPhase section */
		FA319BA21E506DD500402ECA /* Resources */ = {
			isa = PBXResourcesBuildPhase;
			buildActionMask = 2147483647;
			files = (
				FA319BB51E506DD500402ECA /* LaunchScreen.storyboard in Resources */,
				FAFFAA1C2180A0440016E400 /* GoogleService-Info.plist in Resources */,
				FA319BB21E506DD500402ECA /* Assets.xcassets in Resources */,
			);
			runOnlyForDeploymentPostprocessing = 0;
		};
/* End PBXResourcesBuildPhase section */

/* Begin PBXShellScriptBuildPhase section */
		4DCDD3D5F5C190809709AC34 /* [CP] Embed Pods Frameworks */ = {
			isa = PBXShellScriptBuildPhase;
			buildActionMask = 2147483647;
			files = (
			);
			inputPaths = (
				"${SRCROOT}/Pods/Target Support Files/Pods-BetterRefriger/Pods-BetterRefriger-frameworks.sh",
				"${BUILT_PRODUCTS_DIR}/GoogleUtilities/GoogleUtilities.framework",
				"${BUILT_PRODUCTS_DIR}/Protobuf/Protobuf.framework",
				"${BUILT_PRODUCTS_DIR}/RxAtomic/RxAtomic.framework",
				"${BUILT_PRODUCTS_DIR}/RxCocoa/RxCocoa.framework",
				"${BUILT_PRODUCTS_DIR}/RxSwift/RxSwift.framework",
				"${BUILT_PRODUCTS_DIR}/SnapKit/SnapKit.framework",
				"${BUILT_PRODUCTS_DIR}/nanopb/nanopb.framework",
			);
			name = "[CP] Embed Pods Frameworks";
			outputPaths = (
				"${TARGET_BUILD_DIR}/${FRAMEWORKS_FOLDER_PATH}/GoogleUtilities.framework",
				"${TARGET_BUILD_DIR}/${FRAMEWORKS_FOLDER_PATH}/Protobuf.framework",
				"${TARGET_BUILD_DIR}/${FRAMEWORKS_FOLDER_PATH}/RxAtomic.framework",
				"${TARGET_BUILD_DIR}/${FRAMEWORKS_FOLDER_PATH}/RxCocoa.framework",
				"${TARGET_BUILD_DIR}/${FRAMEWORKS_FOLDER_PATH}/RxSwift.framework",
				"${TARGET_BUILD_DIR}/${FRAMEWORKS_FOLDER_PATH}/SnapKit.framework",
				"${TARGET_BUILD_DIR}/${FRAMEWORKS_FOLDER_PATH}/nanopb.framework",
			);
			runOnlyForDeploymentPostprocessing = 0;
			shellPath = /bin/sh;
			shellScript = "\"${SRCROOT}/Pods/Target Support Files/Pods-BetterRefriger/Pods-BetterRefriger-frameworks.sh\"\n";
			showEnvVarsInLog = 0;
		};
		B934834F502ED5C32C86BB22 /* [CP] Check Pods Manifest.lock */ = {
			isa = PBXShellScriptBuildPhase;
			buildActionMask = 2147483647;
			files = (
			);
			inputPaths = (
				"${PODS_PODFILE_DIR_PATH}/Podfile.lock",
				"${PODS_ROOT}/Manifest.lock",
			);
			name = "[CP] Check Pods Manifest.lock";
			outputPaths = (
				"$(DERIVED_FILE_DIR)/Pods-BetterRefriger-checkManifestLockResult.txt",
			);
			runOnlyForDeploymentPostprocessing = 0;
			shellPath = /bin/sh;
			shellScript = "diff \"${PODS_PODFILE_DIR_PATH}/Podfile.lock\" \"${PODS_ROOT}/Manifest.lock\" > /dev/null\nif [ $? != 0 ] ; then\n    # print error to STDERR\n    echo \"error: The sandbox is not in sync with the Podfile.lock. Run 'pod install' or update your CocoaPods installation.\" >&2\n    exit 1\nfi\n# This output is used by Xcode 'outputs' to avoid re-running this script phase.\necho \"SUCCESS\" > \"${SCRIPT_OUTPUT_FILE_0}\"\n";
			showEnvVarsInLog = 0;
		};
		FADE5BAD213C220D0023BFF7 /* Run Script */ = {
			isa = PBXShellScriptBuildPhase;
			buildActionMask = 2147483647;
			files = (
			);
			inputPaths = (
			);
			name = "Run Script";
			outputPaths = (
			);
			runOnlyForDeploymentPostprocessing = 0;
			shellPath = /bin/sh;
			shellScript = "\"${PODS_ROOT}/SwiftLint/swiftlint\"\n";
		};
/* End PBXShellScriptBuildPhase section */

/* Begin PBXSourcesBuildPhase section */
		FA319BA01E506DD500402ECA /* Sources */ = {
			isa = PBXSourcesBuildPhase;
			buildActionMask = 2147483647;
			files = (
				8FF717C021A38EFF009428D4 /* FoodModel.swift in Sources */,
				FA86D1FF2191AC780092E915 /* SelectAreaButton.swift in Sources */,
				FA319BB01E506DD500402ECA /* BetterRefriger.xcdatamodeld in Sources */,
				FA6C976D21A43DDF0007CC1D /* CoreDataStack.swift in Sources */,
				FA319BAA1E506DD500402ECA /* MainViewController.swift in Sources */,
				FADE5BAC213A4E8A0023BFF7 /* UIColor+MJColor.swift in Sources */,
				FA319BA81E506DD500402ECA /* AppDelegate.swift in Sources */,
				FA20D65D2153DC7600E6C093 /* String+substring.swift in Sources */,
				FA26C34F214FEA400081A506 /* UIToolbar+PickerOKButton.swift in Sources */,
				FA20D65F2155342700E6C093 /* FoodListTableViewCell.swift in Sources */,
				FAA3EC461F754A81007F743E /* FoodInputViewController.swift in Sources */,
				FADE5B6F21381D090023BFF7 /* MJTextField.swift in Sources */,
			);
			runOnlyForDeploymentPostprocessing = 0;
		};
/* End PBXSourcesBuildPhase section */

/* Begin PBXVariantGroup section */
		FA319BB31E506DD500402ECA /* LaunchScreen.storyboard */ = {
			isa = PBXVariantGroup;
			children = (
				FA319BB41E506DD500402ECA /* Base */,
			);
			name = LaunchScreen.storyboard;
			sourceTree = "<group>";
		};
/* End PBXVariantGroup section */

/* Begin XCBuildConfiguration section */
		FA319BB71E506DD500402ECA /* Debug */ = {
			isa = XCBuildConfiguration;
			buildSettings = {
				ALWAYS_SEARCH_USER_PATHS = NO;
				CLANG_ANALYZER_NONNULL = YES;
				CLANG_CXX_LANGUAGE_STANDARD = "gnu++0x";
				CLANG_CXX_LIBRARY = "libc++";
				CLANG_ENABLE_MODULES = YES;
				CLANG_ENABLE_OBJC_ARC = YES;
				CLANG_WARN_BLOCK_CAPTURE_AUTORELEASING = YES;
				CLANG_WARN_BOOL_CONVERSION = YES;
				CLANG_WARN_COMMA = YES;
				CLANG_WARN_CONSTANT_CONVERSION = YES;
				CLANG_WARN_DEPRECATED_OBJC_IMPLEMENTATIONS = YES;
				CLANG_WARN_DIRECT_OBJC_ISA_USAGE = YES_ERROR;
				CLANG_WARN_DOCUMENTATION_COMMENTS = YES;
				CLANG_WARN_EMPTY_BODY = YES;
				CLANG_WARN_ENUM_CONVERSION = YES;
				CLANG_WARN_INFINITE_RECURSION = YES;
				CLANG_WARN_INT_CONVERSION = YES;
				CLANG_WARN_NON_LITERAL_NULL_CONVERSION = YES;
				CLANG_WARN_OBJC_IMPLICIT_RETAIN_SELF = YES;
				CLANG_WARN_OBJC_LITERAL_CONVERSION = YES;
				CLANG_WARN_OBJC_ROOT_CLASS = YES_ERROR;
				CLANG_WARN_RANGE_LOOP_ANALYSIS = YES;
				CLANG_WARN_STRICT_PROTOTYPES = YES;
				CLANG_WARN_SUSPICIOUS_MOVE = YES;
				CLANG_WARN_UNREACHABLE_CODE = YES;
				CLANG_WARN__DUPLICATE_METHOD_MATCH = YES;
				"CODE_SIGN_IDENTITY[sdk=iphoneos*]" = "iPhone Developer";
				COPY_PHASE_STRIP = NO;
				DEBUG_INFORMATION_FORMAT = dwarf;
				ENABLE_STRICT_OBJC_MSGSEND = YES;
				ENABLE_TESTABILITY = YES;
				GCC_C_LANGUAGE_STANDARD = gnu99;
				GCC_DYNAMIC_NO_PIC = NO;
				GCC_NO_COMMON_BLOCKS = YES;
				GCC_OPTIMIZATION_LEVEL = 0;
				GCC_PREPROCESSOR_DEFINITIONS = (
					"DEBUG=1",
					"$(inherited)",
				);
				GCC_WARN_64_TO_32_BIT_CONVERSION = YES;
				GCC_WARN_ABOUT_RETURN_TYPE = YES_ERROR;
				GCC_WARN_UNDECLARED_SELECTOR = YES;
				GCC_WARN_UNINITIALIZED_AUTOS = YES_AGGRESSIVE;
				GCC_WARN_UNUSED_FUNCTION = YES;
				GCC_WARN_UNUSED_VARIABLE = YES;
				IPHONEOS_DEPLOYMENT_TARGET = 10.2;
				MTL_ENABLE_DEBUG_INFO = YES;
				ONLY_ACTIVE_ARCH = YES;
				SDKROOT = iphoneos;
				SWIFT_ACTIVE_COMPILATION_CONDITIONS = DEBUG;
				SWIFT_OPTIMIZATION_LEVEL = "-Onone";
				TARGETED_DEVICE_FAMILY = "1,2";
			};
			name = Debug;
		};
		FA319BB81E506DD500402ECA /* Release */ = {
			isa = XCBuildConfiguration;
			buildSettings = {
				ALWAYS_SEARCH_USER_PATHS = NO;
				CLANG_ANALYZER_NONNULL = YES;
				CLANG_CXX_LANGUAGE_STANDARD = "gnu++0x";
				CLANG_CXX_LIBRARY = "libc++";
				CLANG_ENABLE_MODULES = YES;
				CLANG_ENABLE_OBJC_ARC = YES;
				CLANG_WARN_BLOCK_CAPTURE_AUTORELEASING = YES;
				CLANG_WARN_BOOL_CONVERSION = YES;
				CLANG_WARN_COMMA = YES;
				CLANG_WARN_CONSTANT_CONVERSION = YES;
				CLANG_WARN_DEPRECATED_OBJC_IMPLEMENTATIONS = YES;
				CLANG_WARN_DIRECT_OBJC_ISA_USAGE = YES_ERROR;
				CLANG_WARN_DOCUMENTATION_COMMENTS = YES;
				CLANG_WARN_EMPTY_BODY = YES;
				CLANG_WARN_ENUM_CONVERSION = YES;
				CLANG_WARN_INFINITE_RECURSION = YES;
				CLANG_WARN_INT_CONVERSION = YES;
				CLANG_WARN_NON_LITERAL_NULL_CONVERSION = YES;
				CLANG_WARN_OBJC_IMPLICIT_RETAIN_SELF = YES;
				CLANG_WARN_OBJC_LITERAL_CONVERSION = YES;
				CLANG_WARN_OBJC_ROOT_CLASS = YES_ERROR;
				CLANG_WARN_RANGE_LOOP_ANALYSIS = YES;
				CLANG_WARN_STRICT_PROTOTYPES = YES;
				CLANG_WARN_SUSPICIOUS_MOVE = YES;
				CLANG_WARN_UNREACHABLE_CODE = YES;
				CLANG_WARN__DUPLICATE_METHOD_MATCH = YES;
				"CODE_SIGN_IDENTITY[sdk=iphoneos*]" = "iPhone Developer";
				COPY_PHASE_STRIP = NO;
				DEBUG_INFORMATION_FORMAT = "dwarf-with-dsym";
				ENABLE_NS_ASSERTIONS = NO;
				ENABLE_STRICT_OBJC_MSGSEND = YES;
				GCC_C_LANGUAGE_STANDARD = gnu99;
				GCC_NO_COMMON_BLOCKS = YES;
				GCC_WARN_64_TO_32_BIT_CONVERSION = YES;
				GCC_WARN_ABOUT_RETURN_TYPE = YES_ERROR;
				GCC_WARN_UNDECLARED_SELECTOR = YES;
				GCC_WARN_UNINITIALIZED_AUTOS = YES_AGGRESSIVE;
				GCC_WARN_UNUSED_FUNCTION = YES;
				GCC_WARN_UNUSED_VARIABLE = YES;
				IPHONEOS_DEPLOYMENT_TARGET = 10.2;
				MTL_ENABLE_DEBUG_INFO = NO;
				SDKROOT = iphoneos;
				SWIFT_OPTIMIZATION_LEVEL = "-Owholemodule";
				TARGETED_DEVICE_FAMILY = "1,2";
				VALIDATE_PRODUCT = YES;
			};
			name = Release;
		};
		FA319BBA1E506DD500402ECA /* Debug */ = {
			isa = XCBuildConfiguration;
			baseConfigurationReference = B75DF2EB9ACD5B0FF7A4B3C9 /* Pods-BetterRefriger.debug.xcconfig */;
			buildSettings = {
				ASSETCATALOG_COMPILER_APPICON_NAME = AppIcon;
				CODE_SIGN_ENTITLEMENTS = BetterRefriger/App/BetterRefriger.entitlements;
				DEVELOPMENT_TEAM = JVM82SQA75;
				INFOPLIST_FILE = "$(SRCROOT)/BetterRefriger/App/Info.plist";
				LD_RUNPATH_SEARCH_PATHS = "$(inherited) @executable_path/Frameworks";
				PRODUCT_BUNDLE_IDENTIFIER = com.maengji.BetterRefriger;
				PRODUCT_NAME = "더나은냉장고";
				SWIFT_VERSION = 4.2;
				TARGETED_DEVICE_FAMILY = 1;
			};
			name = Debug;
		};
		FA319BBB1E506DD500402ECA /* Release */ = {
			isa = XCBuildConfiguration;
			baseConfigurationReference = 9824B7B4658D5C874FE81DCD /* Pods-BetterRefriger.release.xcconfig */;
			buildSettings = {
				ASSETCATALOG_COMPILER_APPICON_NAME = AppIcon;
				CODE_SIGN_ENTITLEMENTS = BetterRefriger/App/BetterRefriger.entitlements;
				DEVELOPMENT_TEAM = JVM82SQA75;
				INFOPLIST_FILE = "$(SRCROOT)/BetterRefriger/App/Info.plist";
				LD_RUNPATH_SEARCH_PATHS = "$(inherited) @executable_path/Frameworks";
				PRODUCT_BUNDLE_IDENTIFIER = com.maengji.BetterRefriger;
				PRODUCT_NAME = "더나은냉장고";
				SWIFT_VERSION = 4.2;
				TARGETED_DEVICE_FAMILY = 1;
			};
			name = Release;
		};
/* End XCBuildConfiguration section */

/* Begin XCConfigurationList section */
		FA319B9F1E506DD500402ECA /* Build configuration list for PBXProject "BetterRefriger" */ = {
			isa = XCConfigurationList;
			buildConfigurations = (
				FA319BB71E506DD500402ECA /* Debug */,
				FA319BB81E506DD500402ECA /* Release */,
			);
			defaultConfigurationIsVisible = 0;
			defaultConfigurationName = Release;
		};
		FA319BB91E506DD500402ECA /* Build configuration list for PBXNativeTarget "BetterRefriger" */ = {
			isa = XCConfigurationList;
			buildConfigurations = (
				FA319BBA1E506DD500402ECA /* Debug */,
				FA319BBB1E506DD500402ECA /* Release */,
			);
			defaultConfigurationIsVisible = 0;
			defaultConfigurationName = Release;
		};
/* End XCConfigurationList section */

/* Begin XCVersionGroup section */
		FA319BAE1E506DD500402ECA /* BetterRefriger.xcdatamodeld */ = {
			isa = XCVersionGroup;
			children = (
				FA319BAF1E506DD500402ECA /* BetterRefriger.xcdatamodel */,
			);
			currentVersion = FA319BAF1E506DD500402ECA /* BetterRefriger.xcdatamodel */;
			path = BetterRefriger.xcdatamodeld;
			sourceTree = "<group>";
			versionGroupType = wrapper.xcdatamodel;
		};
/* End XCVersionGroup section */
	};
	rootObject = FA319B9C1E506DD500402ECA /* Project object */;
}
