// !$*UTF8*$!
{
	archiveVersion = 1;
	classes = {
	};
	objectVersion = 46;
	objects = {

/* Begin PBXBuildFile section */
		8F6A7CAF21E424DB004BBD5B /* SpaceType.swift in Sources */ = {isa = PBXBuildFile; fileRef = 8F6A7CAE21E424DB004BBD5B /* SpaceType.swift */; };
		8F6A7CB121E4280B004BBD5B /* SpaceManager.swift in Sources */ = {isa = PBXBuildFile; fileRef = 8F6A7CB021E4280B004BBD5B /* SpaceManager.swift */; };
		8FF717C021A38EFF009428D4 /* FoodModelService.swift in Sources */ = {isa = PBXBuildFile; fileRef = 8FF717BF21A38EFF009428D4 /* FoodModelService.swift */; };
		8FF717C421A4E087009428D4 /* UIView+Subviews.swift in Sources */ = {isa = PBXBuildFile; fileRef = 8FF717C321A4E087009428D4 /* UIView+Subviews.swift */; };
		D5448BB9DFC1F54BFEF4DB70 /* Pods_BetterRefriger.framework in Frameworks */ = {isa = PBXBuildFile; fileRef = 55503C3B39F686E7611DFB40 /* Pods_BetterRefriger.framework */; };
		E89ED8B08CEF8F458DA6A3B5 /* Pods_BetterRefrigerTests.framework in Frameworks */ = {isa = PBXBuildFile; fileRef = 23D0F7AB7567334804A3E934 /* Pods_BetterRefrigerTests.framework */; };
		FA1D0C2026B3DFBB00768432 /* RefrigerClipApp.swift in Sources */ = {isa = PBXBuildFile; fileRef = FA1D0C1F26B3DFBB00768432 /* RefrigerClipApp.swift */; };
		FA1D0C2226B3DFBB00768432 /* ContentView.swift in Sources */ = {isa = PBXBuildFile; fileRef = FA1D0C2126B3DFBB00768432 /* ContentView.swift */; };
		FA1D0C2426B3DFBB00768432 /* Assets.xcassets in Resources */ = {isa = PBXBuildFile; fileRef = FA1D0C2326B3DFBB00768432 /* Assets.xcassets */; };
		FA1D0C2726B3DFBB00768432 /* Preview Assets.xcassets in Resources */ = {isa = PBXBuildFile; fileRef = FA1D0C2626B3DFBB00768432 /* Preview Assets.xcassets */; };
		FA1D0C3326B3DFBC00768432 /* RefrigerClipTests.swift in Sources */ = {isa = PBXBuildFile; fileRef = FA1D0C3226B3DFBC00768432 /* RefrigerClipTests.swift */; };
		FA1D0C3E26B3DFBC00768432 /* RefrigerClipUITests.swift in Sources */ = {isa = PBXBuildFile; fileRef = FA1D0C3D26B3DFBC00768432 /* RefrigerClipUITests.swift */; };
		FA1D0C4226B3DFBC00768432 /* RefrigerClip.app in Embed App Clips */ = {isa = PBXBuildFile; fileRef = FA1D0C1D26B3DFBB00768432 /* RefrigerClip.app */; settings = {ATTRIBUTES = (RemoveHeadersOnCopy, ); }; };
		FA20D65D2153DC7600E6C093 /* String+substring.swift in Sources */ = {isa = PBXBuildFile; fileRef = FA20D65C2153DC7600E6C093 /* String+substring.swift */; };
		FA24006A21A6D7AD00AF8203 /* MainViewModel.swift in Sources */ = {isa = PBXBuildFile; fileRef = FA24006921A6D7AD00AF8203 /* MainViewModel.swift */; };
		FA24006C21A9845500AF8203 /* FoodInputViewModel.swift in Sources */ = {isa = PBXBuildFile; fileRef = FA24006B21A9845500AF8203 /* FoodInputViewModel.swift */; };
		FA24006F21AAE73300AF8203 /* FoodModel.swift in Sources */ = {isa = PBXBuildFile; fileRef = FA24006E21AAE73300AF8203 /* FoodModel.swift */; };
		FA26C34F214FEA400081A506 /* UIToolbar+PickerOKButton.swift in Sources */ = {isa = PBXBuildFile; fileRef = FA26C34E214FEA400081A506 /* UIToolbar+PickerOKButton.swift */; };
		FA319BA81E506DD500402ECA /* AppDelegate.swift in Sources */ = {isa = PBXBuildFile; fileRef = FA319BA71E506DD500402ECA /* AppDelegate.swift */; };
		FA319BB01E506DD500402ECA /* BetterRefriger.xcdatamodeld in Sources */ = {isa = PBXBuildFile; fileRef = FA319BAE1E506DD500402ECA /* BetterRefriger.xcdatamodeld */; };
		FA319BB21E506DD500402ECA /* Assets.xcassets in Resources */ = {isa = PBXBuildFile; fileRef = FA319BB11E506DD500402ECA /* Assets.xcassets */; };
		FA319BB51E506DD500402ECA /* LaunchScreen.storyboard in Resources */ = {isa = PBXBuildFile; fileRef = FA319BB31E506DD500402ECA /* LaunchScreen.storyboard */; };
		FA3F879421F0C60800ED49CD /* MainViewTest.swift in Sources */ = {isa = PBXBuildFile; fileRef = FA3F879321F0C60800ED49CD /* MainViewTest.swift */; };
		FA466D7A21B6B032000F1B17 /* LabelButton.swift in Sources */ = {isa = PBXBuildFile; fileRef = FA466D7921B6B032000F1B17 /* LabelButton.swift */; };
		FA66D56A21C494DB00944066 /* NotificationManager.swift in Sources */ = {isa = PBXBuildFile; fileRef = FA66D56921C494DB00944066 /* NotificationManager.swift */; };
		FA6C976D21A43DDF0007CC1D /* CoreDataStack.swift in Sources */ = {isa = PBXBuildFile; fileRef = FA6C976C21A43DDF0007CC1D /* CoreDataStack.swift */; };
		FA8353A528A9D732001F8EAC /* LabelButton+SwiftUI.swift in Sources */ = {isa = PBXBuildFile; fileRef = FA8353A428A9D732001F8EAC /* LabelButton+SwiftUI.swift */; };
		FA8353AB28B0B3CB001F8EAC /* FoodGridView.swift in Sources */ = {isa = PBXBuildFile; fileRef = FA8353AA28B0B3CB001F8EAC /* FoodGridView.swift */; };
		FA93AB0F269DD0D8001DF133 /* SelectAreaButtonSU.swift in Sources */ = {isa = PBXBuildFile; fileRef = FA93AB0E269DD0D8001DF133 /* SelectAreaButtonSU.swift */; };
		FA93AB11269DD8C6001DF133 /* Color+extension.swift in Sources */ = {isa = PBXBuildFile; fileRef = FA93AB10269DD8C6001DF133 /* Color+extension.swift */; };
		FAAAC65F21CDFF12008CC382 /* FoodStatusLabel.swift in Sources */ = {isa = PBXBuildFile; fileRef = FAAAC65E21CDFF12008CC382 /* FoodStatusLabel.swift */; };
		FAAAC66B21D3C245008CC382 /* BetterRefrigerTests.swift in Sources */ = {isa = PBXBuildFile; fileRef = FAAAC66A21D3C245008CC382 /* BetterRefrigerTests.swift */; };
		FADE5BAC213A4E8A0023BFF7 /* UIColor+MJColor.swift in Sources */ = {isa = PBXBuildFile; fileRef = FADE5BAB213A4E8A0023BFF7 /* UIColor+MJColor.swift */; };
		FAEC5B7D28A89D5200C4D4EA /* FoodInputView.swift in Sources */ = {isa = PBXBuildFile; fileRef = FAEC5B7C28A89D5200C4D4EA /* FoodInputView.swift */; };
		FAEC5B7F28A8BAD500C4D4EA /* RegisterButton.swift in Sources */ = {isa = PBXBuildFile; fileRef = FAEC5B7E28A8BAD500C4D4EA /* RegisterButton.swift */; };
		FAED744922599742000ACE6D /* MainViewModelTests.swift in Sources */ = {isa = PBXBuildFile; fileRef = FAED744822599742000ACE6D /* MainViewModelTests.swift */; };
		FAFE1021267A3B67008B4121 /* MainView.swift in Sources */ = {isa = PBXBuildFile; fileRef = FAFE1020267A3B67008B4121 /* MainView.swift */; };
		FAFE1023267A3BA5008B4121 /* SceneDelegate.swift in Sources */ = {isa = PBXBuildFile; fileRef = FAFE1022267A3BA5008B4121 /* SceneDelegate.swift */; };
/* End PBXBuildFile section */

/* Begin PBXContainerItemProxy section */
		FA1D0C2F26B3DFBC00768432 /* PBXContainerItemProxy */ = {
			isa = PBXContainerItemProxy;
			containerPortal = FA319B9C1E506DD500402ECA /* Project object */;
			proxyType = 1;
			remoteGlobalIDString = FA1D0C1C26B3DFBB00768432;
			remoteInfo = RefrigerClip;
		};
		FA1D0C3A26B3DFBC00768432 /* PBXContainerItemProxy */ = {
			isa = PBXContainerItemProxy;
			containerPortal = FA319B9C1E506DD500402ECA /* Project object */;
			proxyType = 1;
			remoteGlobalIDString = FA1D0C1C26B3DFBB00768432;
			remoteInfo = RefrigerClip;
		};
		FA1D0C4026B3DFBC00768432 /* PBXContainerItemProxy */ = {
			isa = PBXContainerItemProxy;
			containerPortal = FA319B9C1E506DD500402ECA /* Project object */;
			proxyType = 1;
			remoteGlobalIDString = FA1D0C1C26B3DFBB00768432;
			remoteInfo = RefrigerClip;
		};
		FAAAC66D21D3C245008CC382 /* PBXContainerItemProxy */ = {
			isa = PBXContainerItemProxy;
			containerPortal = FA319B9C1E506DD500402ECA /* Project object */;
			proxyType = 1;
			remoteGlobalIDString = FA319BA31E506DD500402ECA;
			remoteInfo = BetterRefriger;
		};
/* End PBXContainerItemProxy section */

/* Begin PBXCopyFilesBuildPhase section */
		FA1D0C4326B3DFBC00768432 /* Embed App Clips */ = {
			isa = PBXCopyFilesBuildPhase;
			buildActionMask = 2147483647;
			dstPath = "$(CONTENTS_FOLDER_PATH)/AppClips";
			dstSubfolderSpec = 16;
			files = (
				FA1D0C4226B3DFBC00768432 /* RefrigerClip.app in Embed App Clips */,
			);
			name = "Embed App Clips";
			runOnlyForDeploymentPostprocessing = 0;
		};
/* End PBXCopyFilesBuildPhase section */

/* Begin PBXFileReference section */
		00D1778D9A92923EF84D3F5F /* Pods-BetterRefrigerTests.debug.xcconfig */ = {isa = PBXFileReference; includeInIndex = 1; lastKnownFileType = text.xcconfig; name = "Pods-BetterRefrigerTests.debug.xcconfig"; path = "Pods/Target Support Files/Pods-BetterRefrigerTests/Pods-BetterRefrigerTests.debug.xcconfig"; sourceTree = "<group>"; };
		23D0F7AB7567334804A3E934 /* Pods_BetterRefrigerTests.framework */ = {isa = PBXFileReference; explicitFileType = wrapper.framework; includeInIndex = 0; path = Pods_BetterRefrigerTests.framework; sourceTree = BUILT_PRODUCTS_DIR; };
		55503C3B39F686E7611DFB40 /* Pods_BetterRefriger.framework */ = {isa = PBXFileReference; explicitFileType = wrapper.framework; includeInIndex = 0; path = Pods_BetterRefriger.framework; sourceTree = BUILT_PRODUCTS_DIR; };
		5F30441B158C446E0240A453 /* Pods-BetterRefrigerTests.release.xcconfig */ = {isa = PBXFileReference; includeInIndex = 1; lastKnownFileType = text.xcconfig; name = "Pods-BetterRefrigerTests.release.xcconfig"; path = "Pods/Target Support Files/Pods-BetterRefrigerTests/Pods-BetterRefrigerTests.release.xcconfig"; sourceTree = "<group>"; };
		8F6A7CAE21E424DB004BBD5B /* SpaceType.swift */ = {isa = PBXFileReference; lastKnownFileType = sourcecode.swift; path = SpaceType.swift; sourceTree = "<group>"; };
		8F6A7CB021E4280B004BBD5B /* SpaceManager.swift */ = {isa = PBXFileReference; lastKnownFileType = sourcecode.swift; path = SpaceManager.swift; sourceTree = "<group>"; };
		8FF717BF21A38EFF009428D4 /* FoodModelService.swift */ = {isa = PBXFileReference; indentWidth = 2; lastKnownFileType = sourcecode.swift; path = FoodModelService.swift; sourceTree = "<group>"; tabWidth = 2; };
		8FF717C321A4E087009428D4 /* UIView+Subviews.swift */ = {isa = PBXFileReference; indentWidth = 2; lastKnownFileType = sourcecode.swift; path = "UIView+Subviews.swift"; sourceTree = "<group>"; tabWidth = 2; };
		9824B7B4658D5C874FE81DCD /* Pods-BetterRefriger.release.xcconfig */ = {isa = PBXFileReference; includeInIndex = 1; lastKnownFileType = text.xcconfig; name = "Pods-BetterRefriger.release.xcconfig"; path = "Pods/Target Support Files/Pods-BetterRefriger/Pods-BetterRefriger.release.xcconfig"; sourceTree = "<group>"; };
		B75DF2EB9ACD5B0FF7A4B3C9 /* Pods-BetterRefriger.debug.xcconfig */ = {isa = PBXFileReference; includeInIndex = 1; lastKnownFileType = text.xcconfig; name = "Pods-BetterRefriger.debug.xcconfig"; path = "Pods/Target Support Files/Pods-BetterRefriger/Pods-BetterRefriger.debug.xcconfig"; sourceTree = "<group>"; };
		FA1D0C1D26B3DFBB00768432 /* RefrigerClip.app */ = {isa = PBXFileReference; explicitFileType = wrapper.application; includeInIndex = 0; path = RefrigerClip.app; sourceTree = BUILT_PRODUCTS_DIR; };
		FA1D0C1F26B3DFBB00768432 /* RefrigerClipApp.swift */ = {isa = PBXFileReference; lastKnownFileType = sourcecode.swift; path = RefrigerClipApp.swift; sourceTree = "<group>"; };
		FA1D0C2126B3DFBB00768432 /* ContentView.swift */ = {isa = PBXFileReference; lastKnownFileType = sourcecode.swift; path = ContentView.swift; sourceTree = "<group>"; };
		FA1D0C2326B3DFBB00768432 /* Assets.xcassets */ = {isa = PBXFileReference; lastKnownFileType = folder.assetcatalog; path = Assets.xcassets; sourceTree = "<group>"; };
		FA1D0C2626B3DFBB00768432 /* Preview Assets.xcassets */ = {isa = PBXFileReference; lastKnownFileType = folder.assetcatalog; path = "Preview Assets.xcassets"; sourceTree = "<group>"; };
		FA1D0C2826B3DFBB00768432 /* Info.plist */ = {isa = PBXFileReference; lastKnownFileType = text.plist.xml; path = Info.plist; sourceTree = "<group>"; };
		FA1D0C2926B3DFBB00768432 /* RefrigerClip.entitlements */ = {isa = PBXFileReference; lastKnownFileType = text.plist.entitlements; path = RefrigerClip.entitlements; sourceTree = "<group>"; };
		FA1D0C2E26B3DFBC00768432 /* RefrigerClipTests.xctest */ = {isa = PBXFileReference; explicitFileType = wrapper.cfbundle; includeInIndex = 0; path = RefrigerClipTests.xctest; sourceTree = BUILT_PRODUCTS_DIR; };
		FA1D0C3226B3DFBC00768432 /* RefrigerClipTests.swift */ = {isa = PBXFileReference; lastKnownFileType = sourcecode.swift; path = RefrigerClipTests.swift; sourceTree = "<group>"; };
		FA1D0C3426B3DFBC00768432 /* Info.plist */ = {isa = PBXFileReference; lastKnownFileType = text.plist.xml; path = Info.plist; sourceTree = "<group>"; };
		FA1D0C3926B3DFBC00768432 /* RefrigerClipUITests.xctest */ = {isa = PBXFileReference; explicitFileType = wrapper.cfbundle; includeInIndex = 0; path = RefrigerClipUITests.xctest; sourceTree = BUILT_PRODUCTS_DIR; };
		FA1D0C3D26B3DFBC00768432 /* RefrigerClipUITests.swift */ = {isa = PBXFileReference; lastKnownFileType = sourcecode.swift; path = RefrigerClipUITests.swift; sourceTree = "<group>"; };
		FA1D0C3F26B3DFBC00768432 /* Info.plist */ = {isa = PBXFileReference; lastKnownFileType = text.plist.xml; path = Info.plist; sourceTree = "<group>"; };
		FA20D65C2153DC7600E6C093 /* String+substring.swift */ = {isa = PBXFileReference; indentWidth = 2; lastKnownFileType = sourcecode.swift; path = "String+substring.swift"; sourceTree = "<group>"; tabWidth = 2; };
		FA24006921A6D7AD00AF8203 /* MainViewModel.swift */ = {isa = PBXFileReference; indentWidth = 2; lastKnownFileType = sourcecode.swift; path = MainViewModel.swift; sourceTree = "<group>"; tabWidth = 2; };
		FA24006B21A9845500AF8203 /* FoodInputViewModel.swift */ = {isa = PBXFileReference; lastKnownFileType = sourcecode.swift; path = FoodInputViewModel.swift; sourceTree = "<group>"; };
		FA24006E21AAE73300AF8203 /* FoodModel.swift */ = {isa = PBXFileReference; lastKnownFileType = sourcecode.swift; path = FoodModel.swift; sourceTree = "<group>"; };
		FA26C34E214FEA400081A506 /* UIToolbar+PickerOKButton.swift */ = {isa = PBXFileReference; indentWidth = 2; lastKnownFileType = sourcecode.swift; path = "UIToolbar+PickerOKButton.swift"; sourceTree = "<group>"; tabWidth = 2; };
		FA319BA41E506DD500402ECA /* 더나은냉장고.app */ = {isa = PBXFileReference; explicitFileType = wrapper.application; includeInIndex = 0; path = "더나은냉장고.app"; sourceTree = BUILT_PRODUCTS_DIR; };
		FA319BA71E506DD500402ECA /* AppDelegate.swift */ = {isa = PBXFileReference; indentWidth = 2; lastKnownFileType = sourcecode.swift; path = AppDelegate.swift; sourceTree = "<group>"; tabWidth = 2; };
		FA319BAF1E506DD500402ECA /* BetterRefriger.xcdatamodel */ = {isa = PBXFileReference; lastKnownFileType = wrapper.xcdatamodel; path = BetterRefriger.xcdatamodel; sourceTree = "<group>"; };
		FA319BB11E506DD500402ECA /* Assets.xcassets */ = {isa = PBXFileReference; lastKnownFileType = folder.assetcatalog; path = Assets.xcassets; sourceTree = "<group>"; };
		FA319BB41E506DD500402ECA /* Base */ = {isa = PBXFileReference; lastKnownFileType = file.storyboard; name = Base; path = Base.lproj/LaunchScreen.storyboard; sourceTree = "<group>"; };
		FA319BB61E506DD500402ECA /* Info.plist */ = {isa = PBXFileReference; lastKnownFileType = text.plist.xml; path = Info.plist; sourceTree = "<group>"; };
		FA3F879321F0C60800ED49CD /* MainViewTest.swift */ = {isa = PBXFileReference; lastKnownFileType = sourcecode.swift; path = MainViewTest.swift; sourceTree = "<group>"; };
		FA466D7921B6B032000F1B17 /* LabelButton.swift */ = {isa = PBXFileReference; lastKnownFileType = sourcecode.swift; path = LabelButton.swift; sourceTree = "<group>"; };
		FA574553218C9CB200B4775E /* BetterRefriger.entitlements */ = {isa = PBXFileReference; lastKnownFileType = text.plist.entitlements; path = BetterRefriger.entitlements; sourceTree = "<group>"; };
		FA66D56921C494DB00944066 /* NotificationManager.swift */ = {isa = PBXFileReference; lastKnownFileType = sourcecode.swift; path = NotificationManager.swift; sourceTree = "<group>"; };
		FA6C976C21A43DDF0007CC1D /* CoreDataStack.swift */ = {isa = PBXFileReference; indentWidth = 2; lastKnownFileType = sourcecode.swift; path = CoreDataStack.swift; sourceTree = "<group>"; tabWidth = 2; };
		FA8353A428A9D732001F8EAC /* LabelButton+SwiftUI.swift */ = {isa = PBXFileReference; lastKnownFileType = sourcecode.swift; path = "LabelButton+SwiftUI.swift"; sourceTree = "<group>"; };
		FA8353AA28B0B3CB001F8EAC /* FoodGridView.swift */ = {isa = PBXFileReference; lastKnownFileType = sourcecode.swift; path = FoodGridView.swift; sourceTree = "<group>"; };
		FA93AB0E269DD0D8001DF133 /* SelectAreaButtonSU.swift */ = {isa = PBXFileReference; lastKnownFileType = sourcecode.swift; path = SelectAreaButtonSU.swift; sourceTree = "<group>"; };
		FA93AB10269DD8C6001DF133 /* Color+extension.swift */ = {isa = PBXFileReference; lastKnownFileType = sourcecode.swift; path = "Color+extension.swift"; sourceTree = "<group>"; };
		FAAAC65E21CDFF12008CC382 /* FoodStatusLabel.swift */ = {isa = PBXFileReference; lastKnownFileType = sourcecode.swift; path = FoodStatusLabel.swift; sourceTree = "<group>"; };
		FAAAC66821D3C245008CC382 /* BetterRefrigerTests.xctest */ = {isa = PBXFileReference; explicitFileType = wrapper.cfbundle; includeInIndex = 0; path = BetterRefrigerTests.xctest; sourceTree = BUILT_PRODUCTS_DIR; };
		FAAAC66A21D3C245008CC382 /* BetterRefrigerTests.swift */ = {isa = PBXFileReference; indentWidth = 2; lastKnownFileType = sourcecode.swift; path = BetterRefrigerTests.swift; sourceTree = "<group>"; tabWidth = 2; };
		FAAAC66C21D3C245008CC382 /* Info.plist */ = {isa = PBXFileReference; lastKnownFileType = text.plist.xml; path = Info.plist; sourceTree = "<group>"; };
		FADE5BAB213A4E8A0023BFF7 /* UIColor+MJColor.swift */ = {isa = PBXFileReference; indentWidth = 2; lastKnownFileType = sourcecode.swift; path = "UIColor+MJColor.swift"; sourceTree = "<group>"; tabWidth = 2; };
		FAEC5B7B28A6A14D00C4D4EA /* GoogleService-Info.plist */ = {isa = PBXFileReference; lastKnownFileType = text.plist.xml; path = "GoogleService-Info.plist"; sourceTree = "<group>"; };
		FAEC5B7C28A89D5200C4D4EA /* FoodInputView.swift */ = {isa = PBXFileReference; lastKnownFileType = sourcecode.swift; path = FoodInputView.swift; sourceTree = "<group>"; };
		FAEC5B7E28A8BAD500C4D4EA /* RegisterButton.swift */ = {isa = PBXFileReference; lastKnownFileType = sourcecode.swift; path = RegisterButton.swift; sourceTree = "<group>"; };
		FAED744822599742000ACE6D /* MainViewModelTests.swift */ = {isa = PBXFileReference; lastKnownFileType = sourcecode.swift; path = MainViewModelTests.swift; sourceTree = "<group>"; };
		FAFE1020267A3B67008B4121 /* MainView.swift */ = {isa = PBXFileReference; fileEncoding = 4; lastKnownFileType = sourcecode.swift; path = MainView.swift; sourceTree = "<group>"; };
		FAFE1022267A3BA5008B4121 /* SceneDelegate.swift */ = {isa = PBXFileReference; fileEncoding = 4; lastKnownFileType = sourcecode.swift; path = SceneDelegate.swift; sourceTree = "<group>"; };
/* End PBXFileReference section */

/* Begin PBXFrameworksBuildPhase section */
		FA1D0C1A26B3DFBB00768432 /* Frameworks */ = {
			isa = PBXFrameworksBuildPhase;
			buildActionMask = 2147483647;
			files = (
			);
			runOnlyForDeploymentPostprocessing = 0;
		};
		FA1D0C2B26B3DFBC00768432 /* Frameworks */ = {
			isa = PBXFrameworksBuildPhase;
			buildActionMask = 2147483647;
			files = (
			);
			runOnlyForDeploymentPostprocessing = 0;
		};
		FA1D0C3626B3DFBC00768432 /* Frameworks */ = {
			isa = PBXFrameworksBuildPhase;
			buildActionMask = 2147483647;
			files = (
			);
			runOnlyForDeploymentPostprocessing = 0;
		};
		FA319BA11E506DD500402ECA /* Frameworks */ = {
			isa = PBXFrameworksBuildPhase;
			buildActionMask = 2147483647;
			files = (
				D5448BB9DFC1F54BFEF4DB70 /* Pods_BetterRefriger.framework in Frameworks */,
			);
			runOnlyForDeploymentPostprocessing = 0;
		};
		FAAAC66521D3C245008CC382 /* Frameworks */ = {
			isa = PBXFrameworksBuildPhase;
			buildActionMask = 2147483647;
			files = (
				E89ED8B08CEF8F458DA6A3B5 /* Pods_BetterRefrigerTests.framework in Frameworks */,
			);
			runOnlyForDeploymentPostprocessing = 0;
		};
/* End PBXFrameworksBuildPhase section */

/* Begin PBXGroup section */
		800500C82E6464A70D214F96 /* Frameworks */ = {
			isa = PBXGroup;
			children = (
				55503C3B39F686E7611DFB40 /* Pods_BetterRefriger.framework */,
				23D0F7AB7567334804A3E934 /* Pods_BetterRefrigerTests.framework */,
			);
			name = Frameworks;
			sourceTree = "<group>";
		};
		8FF717BE21A38ED7009428D4 /* Models */ = {
			isa = PBXGroup;
			children = (
				FA24006E21AAE73300AF8203 /* FoodModel.swift */,
				FA6C976C21A43DDF0007CC1D /* CoreDataStack.swift */,
				8F6A7CAE21E424DB004BBD5B /* SpaceType.swift */,
			);
			path = Models;
			sourceTree = "<group>";
		};
		8FF717C221A4E03F009428D4 /* Utility */ = {
			isa = PBXGroup;
			children = (
				FA26C34E214FEA400081A506 /* UIToolbar+PickerOKButton.swift */,
				FA20D65C2153DC7600E6C093 /* String+substring.swift */,
				FADE5BAB213A4E8A0023BFF7 /* UIColor+MJColor.swift */,
				8FF717C321A4E087009428D4 /* UIView+Subviews.swift */,
				FA93AB10269DD8C6001DF133 /* Color+extension.swift */,
			);
			path = Utility;
			sourceTree = "<group>";
		};
		97EFD72D3AC6C43380822605 /* Pods */ = {
			isa = PBXGroup;
			children = (
				B75DF2EB9ACD5B0FF7A4B3C9 /* Pods-BetterRefriger.debug.xcconfig */,
				9824B7B4658D5C874FE81DCD /* Pods-BetterRefriger.release.xcconfig */,
				00D1778D9A92923EF84D3F5F /* Pods-BetterRefrigerTests.debug.xcconfig */,
				5F30441B158C446E0240A453 /* Pods-BetterRefrigerTests.release.xcconfig */,
			);
			name = Pods;
			sourceTree = "<group>";
		};
		FA07BD2921CD30F80000DEB6 /* ViewModels */ = {
			isa = PBXGroup;
			children = (
				FA24006921A6D7AD00AF8203 /* MainViewModel.swift */,
				FA24006B21A9845500AF8203 /* FoodInputViewModel.swift */,
			);
			path = ViewModels;
			sourceTree = "<group>";
		};
		FA1D0C1E26B3DFBB00768432 /* RefrigerClip */ = {
			isa = PBXGroup;
			children = (
				FA1D0C1F26B3DFBB00768432 /* RefrigerClipApp.swift */,
				FA1D0C2126B3DFBB00768432 /* ContentView.swift */,
				FA1D0C2326B3DFBB00768432 /* Assets.xcassets */,
				FA1D0C2826B3DFBB00768432 /* Info.plist */,
				FA1D0C2926B3DFBB00768432 /* RefrigerClip.entitlements */,
				FA1D0C2526B3DFBB00768432 /* Preview Content */,
			);
			path = RefrigerClip;
			sourceTree = "<group>";
		};
		FA1D0C2526B3DFBB00768432 /* Preview Content */ = {
			isa = PBXGroup;
			children = (
				FA1D0C2626B3DFBB00768432 /* Preview Assets.xcassets */,
			);
			path = "Preview Content";
			sourceTree = "<group>";
		};
		FA1D0C3126B3DFBC00768432 /* RefrigerClipTests */ = {
			isa = PBXGroup;
			children = (
				FA1D0C3226B3DFBC00768432 /* RefrigerClipTests.swift */,
				FA1D0C3426B3DFBC00768432 /* Info.plist */,
			);
			path = RefrigerClipTests;
			sourceTree = "<group>";
		};
		FA1D0C3C26B3DFBC00768432 /* RefrigerClipUITests */ = {
			isa = PBXGroup;
			children = (
				FA1D0C3D26B3DFBC00768432 /* RefrigerClipUITests.swift */,
				FA1D0C3F26B3DFBC00768432 /* Info.plist */,
			);
			path = RefrigerClipUITests;
			sourceTree = "<group>";
		};
		FA24006621A6D6B400AF8203 /* View */ = {
			isa = PBXGroup;
			children = (
				FAFE1020267A3B67008B4121 /* MainView.swift */,
				FA8353AA28B0B3CB001F8EAC /* FoodGridView.swift */,
				FAEC5B7C28A89D5200C4D4EA /* FoodInputView.swift */,
				FA8353A428A9D732001F8EAC /* LabelButton+SwiftUI.swift */,
				FAEC5B7E28A8BAD500C4D4EA /* RegisterButton.swift */,
				FA466D7921B6B032000F1B17 /* LabelButton.swift */,
			);
			path = View;
			sourceTree = "<group>";
		};
		FA319B9B1E506DD500402ECA = {
			isa = PBXGroup;
			children = (
				FA319BA61E506DD500402ECA /* BetterRefriger */,
				FAAAC66921D3C245008CC382 /* BetterRefrigerTests */,
				FA1D0C1E26B3DFBB00768432 /* RefrigerClip */,
				FA1D0C3126B3DFBC00768432 /* RefrigerClipTests */,
				FA1D0C3C26B3DFBC00768432 /* RefrigerClipUITests */,
				FA319BA51E506DD500402ECA /* Products */,
				97EFD72D3AC6C43380822605 /* Pods */,
				800500C82E6464A70D214F96 /* Frameworks */,
			);
			sourceTree = "<group>";
		};
		FA319BA51E506DD500402ECA /* Products */ = {
			isa = PBXGroup;
			children = (
				FA319BA41E506DD500402ECA /* 더나은냉장고.app */,
				FAAAC66821D3C245008CC382 /* BetterRefrigerTests.xctest */,
				FA1D0C1D26B3DFBB00768432 /* RefrigerClip.app */,
				FA1D0C2E26B3DFBC00768432 /* RefrigerClipTests.xctest */,
				FA1D0C3926B3DFBC00768432 /* RefrigerClipUITests.xctest */,
			);
			name = Products;
			sourceTree = "<group>";
		};
		FA319BA61E506DD500402ECA /* BetterRefriger */ = {
			isa = PBXGroup;
			children = (
				8FF717BE21A38ED7009428D4 /* Models */,
				FA07BD2921CD30F80000DEB6 /* ViewModels */,
				FAD8BCF821BD142B00CFFE6C /* Service */,
				FA86D21521A2ED400092E915 /* App */,
				8FF717C221A4E03F009428D4 /* Utility */,
				FA24006621A6D6B400AF8203 /* View */,
				FA319BB11E506DD500402ECA /* Assets.xcassets */,
				FA319BB31E506DD500402ECA /* LaunchScreen.storyboard */,
				FA319BAE1E506DD500402ECA /* BetterRefriger.xcdatamodeld */,
				FA93AB0E269DD0D8001DF133 /* SelectAreaButtonSU.swift */,
				FAAAC65E21CDFF12008CC382 /* FoodStatusLabel.swift */,
			);
			path = BetterRefriger;
			sourceTree = "<group>";
		};
		FA86D21521A2ED400092E915 /* App */ = {
			isa = PBXGroup;
			children = (
				FAFE1022267A3BA5008B4121 /* SceneDelegate.swift */,
				FA574553218C9CB200B4775E /* BetterRefriger.entitlements */,
				FA319BA71E506DD500402ECA /* AppDelegate.swift */,
				FA319BB61E506DD500402ECA /* Info.plist */,
				FAEC5B7B28A6A14D00C4D4EA /* GoogleService-Info.plist */,
			);
			path = App;
			sourceTree = "<group>";
		};
		FAAAC66921D3C245008CC382 /* BetterRefrigerTests */ = {
			isa = PBXGroup;
			children = (
				FAAAC66A21D3C245008CC382 /* BetterRefrigerTests.swift */,
				FAAAC66C21D3C245008CC382 /* Info.plist */,
				FA3F879321F0C60800ED49CD /* MainViewTest.swift */,
				FAED744822599742000ACE6D /* MainViewModelTests.swift */,
			);
			path = BetterRefrigerTests;
			sourceTree = "<group>";
		};
		FAD8BCF821BD142B00CFFE6C /* Service */ = {
			isa = PBXGroup;
			children = (
				8FF717BF21A38EFF009428D4 /* FoodModelService.swift */,
				FA66D56921C494DB00944066 /* NotificationManager.swift */,
				8F6A7CB021E4280B004BBD5B /* SpaceManager.swift */,
			);
			path = Service;
			sourceTree = "<group>";
		};
/* End PBXGroup section */

/* Begin PBXNativeTarget section */
		FA1D0C1C26B3DFBB00768432 /* RefrigerClip */ = {
			isa = PBXNativeTarget;
			buildConfigurationList = FA1D0C4A26B3DFBC00768432 /* Build configuration list for PBXNativeTarget "RefrigerClip" */;
			buildPhases = (
				FA1D0C1926B3DFBB00768432 /* Sources */,
				FA1D0C1A26B3DFBB00768432 /* Frameworks */,
				FA1D0C1B26B3DFBB00768432 /* Resources */,
			);
			buildRules = (
			);
			dependencies = (
			);
			name = RefrigerClip;
			productName = RefrigerClip;
			productReference = FA1D0C1D26B3DFBB00768432 /* RefrigerClip.app */;
			productType = "com.apple.product-type.application.on-demand-install-capable";
		};
		FA1D0C2D26B3DFBC00768432 /* RefrigerClipTests */ = {
			isa = PBXNativeTarget;
			buildConfigurationList = FA1D0C4B26B3DFBC00768432 /* Build configuration list for PBXNativeTarget "RefrigerClipTests" */;
			buildPhases = (
				FA1D0C2A26B3DFBC00768432 /* Sources */,
				FA1D0C2B26B3DFBC00768432 /* Frameworks */,
				FA1D0C2C26B3DFBC00768432 /* Resources */,
			);
			buildRules = (
			);
			dependencies = (
				FA1D0C3026B3DFBC00768432 /* PBXTargetDependency */,
			);
			name = RefrigerClipTests;
			productName = RefrigerClipTests;
			productReference = FA1D0C2E26B3DFBC00768432 /* RefrigerClipTests.xctest */;
			productType = "com.apple.product-type.bundle.unit-test";
		};
		FA1D0C3826B3DFBC00768432 /* RefrigerClipUITests */ = {
			isa = PBXNativeTarget;
			buildConfigurationList = FA1D0C4C26B3DFBC00768432 /* Build configuration list for PBXNativeTarget "RefrigerClipUITests" */;
			buildPhases = (
				FA1D0C3526B3DFBC00768432 /* Sources */,
				FA1D0C3626B3DFBC00768432 /* Frameworks */,
				FA1D0C3726B3DFBC00768432 /* Resources */,
			);
			buildRules = (
			);
			dependencies = (
				FA1D0C3B26B3DFBC00768432 /* PBXTargetDependency */,
			);
			name = RefrigerClipUITests;
			productName = RefrigerClipUITests;
			productReference = FA1D0C3926B3DFBC00768432 /* RefrigerClipUITests.xctest */;
			productType = "com.apple.product-type.bundle.ui-testing";
		};
		FA319BA31E506DD500402ECA /* BetterRefriger */ = {
			isa = PBXNativeTarget;
			buildConfigurationList = FA319BB91E506DD500402ECA /* Build configuration list for PBXNativeTarget "BetterRefriger" */;
			buildPhases = (
				B934834F502ED5C32C86BB22 /* [CP] Check Pods Manifest.lock */,
				FA319BA01E506DD500402ECA /* Sources */,
				FA319BA11E506DD500402ECA /* Frameworks */,
				FA319BA21E506DD500402ECA /* Resources */,
				4DCDD3D5F5C190809709AC34 /* [CP] Embed Pods Frameworks */,
				FADE5BAD213C220D0023BFF7 /* Run Script */,
				FA1D0C4326B3DFBC00768432 /* Embed App Clips */,
			);
			buildRules = (
			);
			dependencies = (
				FA1D0C4126B3DFBC00768432 /* PBXTargetDependency */,
			);
			name = BetterRefriger;
			productName = BetterRefriger;
			productReference = FA319BA41E506DD500402ECA /* 더나은냉장고.app */;
			productType = "com.apple.product-type.application";
		};
		FAAAC66721D3C245008CC382 /* BetterRefrigerTests */ = {
			isa = PBXNativeTarget;
			buildConfigurationList = FAAAC66F21D3C245008CC382 /* Build configuration list for PBXNativeTarget "BetterRefrigerTests" */;
			buildPhases = (
				B3DA59E0A0166DF3200F667C /* [CP] Check Pods Manifest.lock */,
				FAAAC66421D3C245008CC382 /* Sources */,
				FAAAC66521D3C245008CC382 /* Frameworks */,
				FAAAC66621D3C245008CC382 /* Resources */,
				57DC4B16C7B99E4964B3E4B8 /* [CP] Embed Pods Frameworks */,
			);
			buildRules = (
			);
			dependencies = (
				FAAAC66E21D3C245008CC382 /* PBXTargetDependency */,
			);
			name = BetterRefrigerTests;
			productName = BetterRefrigerTests;
			productReference = FAAAC66821D3C245008CC382 /* BetterRefrigerTests.xctest */;
			productType = "com.apple.product-type.bundle.unit-test";
		};
/* End PBXNativeTarget section */

/* Begin PBXProject section */
		FA319B9C1E506DD500402ECA /* Project object */ = {
			isa = PBXProject;
			attributes = {
				LastSwiftUpdateCheck = 1250;
				LastUpgradeCheck = 1250;
				ORGANIZATIONNAME = maengji.com;
				TargetAttributes = {
					FA1D0C1C26B3DFBB00768432 = {
						CreatedOnToolsVersion = 12.5.1;
						DevelopmentTeam = JVM82SQA75;
						ProvisioningStyle = Automatic;
					};
					FA1D0C2D26B3DFBC00768432 = {
						CreatedOnToolsVersion = 12.5.1;
						DevelopmentTeam = JVM82SQA75;
						ProvisioningStyle = Automatic;
						TestTargetID = FA1D0C1C26B3DFBB00768432;
					};
					FA1D0C3826B3DFBC00768432 = {
						CreatedOnToolsVersion = 12.5.1;
						DevelopmentTeam = JVM82SQA75;
						ProvisioningStyle = Automatic;
						TestTargetID = FA1D0C1C26B3DFBB00768432;
					};
					FA319BA31E506DD500402ECA = {
						CreatedOnToolsVersion = 8.2.1;
						DevelopmentTeam = JVM82SQA75;
						LastSwiftMigration = 1020;
						ProvisioningStyle = Automatic;
						SystemCapabilities = {
							com.apple.Push = {
								enabled = 1;
							};
							com.apple.SafariKeychain = {
								enabled = 1;
							};
						};
					};
					FAAAC66721D3C245008CC382 = {
						CreatedOnToolsVersion = 10.1;
						DevelopmentTeam = JVM82SQA75;
						LastSwiftMigration = 1020;
						ProvisioningStyle = Automatic;
						TestTargetID = FA319BA31E506DD500402ECA;
					};
				};
			};
			buildConfigurationList = FA319B9F1E506DD500402ECA /* Build configuration list for PBXProject "BetterRefriger" */;
			compatibilityVersion = "Xcode 3.2";
			developmentRegion = English;
			hasScannedForEncodings = 0;
			knownRegions = (
				English,
				en,
				Base,
			);
			mainGroup = FA319B9B1E506DD500402ECA;
			productRefGroup = FA319BA51E506DD500402ECA /* Products */;
			projectDirPath = "";
			projectRoot = "";
			targets = (
				FA319BA31E506DD500402ECA /* BetterRefriger */,
				FAAAC66721D3C245008CC382 /* BetterRefrigerTests */,
				FA1D0C1C26B3DFBB00768432 /* RefrigerClip */,
				FA1D0C2D26B3DFBC00768432 /* RefrigerClipTests */,
				FA1D0C3826B3DFBC00768432 /* RefrigerClipUITests */,
			);
		};
/* End PBXProject section */

/* Begin PBXResourcesBuildPhase section */
		FA1D0C1B26B3DFBB00768432 /* Resources */ = {
			isa = PBXResourcesBuildPhase;
			buildActionMask = 2147483647;
			files = (
				FA1D0C2726B3DFBB00768432 /* Preview Assets.xcassets in Resources */,
				FA1D0C2426B3DFBB00768432 /* Assets.xcassets in Resources */,
			);
			runOnlyForDeploymentPostprocessing = 0;
		};
		FA1D0C2C26B3DFBC00768432 /* Resources */ = {
			isa = PBXResourcesBuildPhase;
			buildActionMask = 2147483647;
			files = (
			);
			runOnlyForDeploymentPostprocessing = 0;
		};
		FA1D0C3726B3DFBC00768432 /* Resources */ = {
			isa = PBXResourcesBuildPhase;
			buildActionMask = 2147483647;
			files = (
			);
			runOnlyForDeploymentPostprocessing = 0;
		};
		FA319BA21E506DD500402ECA /* Resources */ = {
			isa = PBXResourcesBuildPhase;
			buildActionMask = 2147483647;
			files = (
				FA319BB51E506DD500402ECA /* LaunchScreen.storyboard in Resources */,
				FA319BB21E506DD500402ECA /* Assets.xcassets in Resources */,
			);
			runOnlyForDeploymentPostprocessing = 0;
		};
		FAAAC66621D3C245008CC382 /* Resources */ = {
			isa = PBXResourcesBuildPhase;
			buildActionMask = 2147483647;
			files = (
			);
			runOnlyForDeploymentPostprocessing = 0;
		};
/* End PBXResourcesBuildPhase section */

/* Begin PBXShellScriptBuildPhase section */
		4DCDD3D5F5C190809709AC34 /* [CP] Embed Pods Frameworks */ = {
			isa = PBXShellScriptBuildPhase;
			buildActionMask = 2147483647;
			files = (
			);
			inputPaths = (
				"${PODS_ROOT}/Target Support Files/Pods-BetterRefriger/Pods-BetterRefriger-frameworks.sh",
				"${BUILT_PRODUCTS_DIR}/FirebaseCore/FirebaseCore.framework",
				"${BUILT_PRODUCTS_DIR}/FirebaseCoreDiagnostics/FirebaseCoreDiagnostics.framework",
				"${BUILT_PRODUCTS_DIR}/FirebaseCoreInternal/FirebaseCoreInternal.framework",
				"${BUILT_PRODUCTS_DIR}/FirebaseDynamicLinks/FirebaseDynamicLinks.framework",
				"${BUILT_PRODUCTS_DIR}/FirebaseInstallations/FirebaseInstallations.framework",
				"${BUILT_PRODUCTS_DIR}/FirebaseMessaging/FirebaseMessaging.framework",
				"${BUILT_PRODUCTS_DIR}/GoogleDataTransport/GoogleDataTransport.framework",
				"${BUILT_PRODUCTS_DIR}/GoogleUtilities/GoogleUtilities.framework",
				"${BUILT_PRODUCTS_DIR}/PromisesObjC/FBLPromises.framework",
				"${BUILT_PRODUCTS_DIR}/nanopb/nanopb.framework",
			);
			name = "[CP] Embed Pods Frameworks";
			outputPaths = (
				"${TARGET_BUILD_DIR}/${FRAMEWORKS_FOLDER_PATH}/FirebaseCore.framework",
				"${TARGET_BUILD_DIR}/${FRAMEWORKS_FOLDER_PATH}/FirebaseCoreDiagnostics.framework",
				"${TARGET_BUILD_DIR}/${FRAMEWORKS_FOLDER_PATH}/FirebaseCoreInternal.framework",
				"${TARGET_BUILD_DIR}/${FRAMEWORKS_FOLDER_PATH}/FirebaseDynamicLinks.framework",
				"${TARGET_BUILD_DIR}/${FRAMEWORKS_FOLDER_PATH}/FirebaseInstallations.framework",
				"${TARGET_BUILD_DIR}/${FRAMEWORKS_FOLDER_PATH}/FirebaseMessaging.framework",
				"${TARGET_BUILD_DIR}/${FRAMEWORKS_FOLDER_PATH}/GoogleDataTransport.framework",
				"${TARGET_BUILD_DIR}/${FRAMEWORKS_FOLDER_PATH}/GoogleUtilities.framework",
				"${TARGET_BUILD_DIR}/${FRAMEWORKS_FOLDER_PATH}/FBLPromises.framework",
				"${TARGET_BUILD_DIR}/${FRAMEWORKS_FOLDER_PATH}/nanopb.framework",
			);
			runOnlyForDeploymentPostprocessing = 0;
			shellPath = /bin/sh;
			shellScript = "\"${PODS_ROOT}/Target Support Files/Pods-BetterRefriger/Pods-BetterRefriger-frameworks.sh\"\n";
			showEnvVarsInLog = 0;
		};
		57DC4B16C7B99E4964B3E4B8 /* [CP] Embed Pods Frameworks */ = {
			isa = PBXShellScriptBuildPhase;
			buildActionMask = 2147483647;
			files = (
			);
			inputPaths = (
				"${PODS_ROOT}/Target Support Files/Pods-BetterRefrigerTests/Pods-BetterRefrigerTests-frameworks.sh",
				"${BUILT_PRODUCTS_DIR}/FirebaseCore/FirebaseCore.framework",
				"${BUILT_PRODUCTS_DIR}/FirebaseCoreDiagnostics/FirebaseCoreDiagnostics.framework",
				"${BUILT_PRODUCTS_DIR}/FirebaseCoreInternal/FirebaseCoreInternal.framework",
				"${BUILT_PRODUCTS_DIR}/FirebaseDynamicLinks/FirebaseDynamicLinks.framework",
				"${BUILT_PRODUCTS_DIR}/FirebaseInstallations/FirebaseInstallations.framework",
				"${BUILT_PRODUCTS_DIR}/FirebaseMessaging/FirebaseMessaging.framework",
				"${BUILT_PRODUCTS_DIR}/GoogleDataTransport/GoogleDataTransport.framework",
				"${BUILT_PRODUCTS_DIR}/GoogleUtilities/GoogleUtilities.framework",
				"${BUILT_PRODUCTS_DIR}/PromisesObjC/FBLPromises.framework",
				"${BUILT_PRODUCTS_DIR}/nanopb/nanopb.framework",
			);
			name = "[CP] Embed Pods Frameworks";
			outputPaths = (
				"${TARGET_BUILD_DIR}/${FRAMEWORKS_FOLDER_PATH}/FirebaseCore.framework",
				"${TARGET_BUILD_DIR}/${FRAMEWORKS_FOLDER_PATH}/FirebaseCoreDiagnostics.framework",
				"${TARGET_BUILD_DIR}/${FRAMEWORKS_FOLDER_PATH}/FirebaseCoreInternal.framework",
				"${TARGET_BUILD_DIR}/${FRAMEWORKS_FOLDER_PATH}/FirebaseDynamicLinks.framework",
				"${TARGET_BUILD_DIR}/${FRAMEWORKS_FOLDER_PATH}/FirebaseInstallations.framework",
				"${TARGET_BUILD_DIR}/${FRAMEWORKS_FOLDER_PATH}/FirebaseMessaging.framework",
				"${TARGET_BUILD_DIR}/${FRAMEWORKS_FOLDER_PATH}/GoogleDataTransport.framework",
				"${TARGET_BUILD_DIR}/${FRAMEWORKS_FOLDER_PATH}/GoogleUtilities.framework",
				"${TARGET_BUILD_DIR}/${FRAMEWORKS_FOLDER_PATH}/FBLPromises.framework",
				"${TARGET_BUILD_DIR}/${FRAMEWORKS_FOLDER_PATH}/nanopb.framework",
			);
			runOnlyForDeploymentPostprocessing = 0;
			shellPath = /bin/sh;
			shellScript = "\"${PODS_ROOT}/Target Support Files/Pods-BetterRefrigerTests/Pods-BetterRefrigerTests-frameworks.sh\"\n";
			showEnvVarsInLog = 0;
		};
		B3DA59E0A0166DF3200F667C /* [CP] Check Pods Manifest.lock */ = {
			isa = PBXShellScriptBuildPhase;
			buildActionMask = 2147483647;
			files = (
			);
			inputFileListPaths = (
			);
			inputPaths = (
				"${PODS_PODFILE_DIR_PATH}/Podfile.lock",
				"${PODS_ROOT}/Manifest.lock",
			);
			name = "[CP] Check Pods Manifest.lock";
			outputFileListPaths = (
			);
			outputPaths = (
				"$(DERIVED_FILE_DIR)/Pods-BetterRefrigerTests-checkManifestLockResult.txt",
			);
			runOnlyForDeploymentPostprocessing = 0;
			shellPath = /bin/sh;
			shellScript = "diff \"${PODS_PODFILE_DIR_PATH}/Podfile.lock\" \"${PODS_ROOT}/Manifest.lock\" > /dev/null\nif [ $? != 0 ] ; then\n    # print error to STDERR\n    echo \"error: The sandbox is not in sync with the Podfile.lock. Run 'pod install' or update your CocoaPods installation.\" >&2\n    exit 1\nfi\n# This output is used by Xcode 'outputs' to avoid re-running this script phase.\necho \"SUCCESS\" > \"${SCRIPT_OUTPUT_FILE_0}\"\n";
			showEnvVarsInLog = 0;
		};
		B934834F502ED5C32C86BB22 /* [CP] Check Pods Manifest.lock */ = {
			isa = PBXShellScriptBuildPhase;
			buildActionMask = 2147483647;
			files = (
			);
			inputPaths = (
				"${PODS_PODFILE_DIR_PATH}/Podfile.lock",
				"${PODS_ROOT}/Manifest.lock",
			);
			name = "[CP] Check Pods Manifest.lock";
			outputPaths = (
				"$(DERIVED_FILE_DIR)/Pods-BetterRefriger-checkManifestLockResult.txt",
			);
			runOnlyForDeploymentPostprocessing = 0;
			shellPath = /bin/sh;
			shellScript = "diff \"${PODS_PODFILE_DIR_PATH}/Podfile.lock\" \"${PODS_ROOT}/Manifest.lock\" > /dev/null\nif [ $? != 0 ] ; then\n    # print error to STDERR\n    echo \"error: The sandbox is not in sync with the Podfile.lock. Run 'pod install' or update your CocoaPods installation.\" >&2\n    exit 1\nfi\n# This output is used by Xcode 'outputs' to avoid re-running this script phase.\necho \"SUCCESS\" > \"${SCRIPT_OUTPUT_FILE_0}\"\n";
			showEnvVarsInLog = 0;
		};
		FADE5BAD213C220D0023BFF7 /* Run Script */ = {
			isa = PBXShellScriptBuildPhase;
			buildActionMask = 2147483647;
			files = (
			);
			inputPaths = (
			);
			name = "Run Script";
			outputPaths = (
			);
			runOnlyForDeploymentPostprocessing = 0;
			shellPath = /bin/sh;
			shellScript = "\"${PODS_ROOT}/SwiftLint/swiftlint\"\n";
		};
/* End PBXShellScriptBuildPhase section */

/* Begin PBXSourcesBuildPhase section */
		FA1D0C1926B3DFBB00768432 /* Sources */ = {
			isa = PBXSourcesBuildPhase;
			buildActionMask = 2147483647;
			files = (
				FA1D0C2226B3DFBB00768432 /* ContentView.swift in Sources */,
				FA1D0C2026B3DFBB00768432 /* RefrigerClipApp.swift in Sources */,
			);
			runOnlyForDeploymentPostprocessing = 0;
		};
		FA1D0C2A26B3DFBC00768432 /* Sources */ = {
			isa = PBXSourcesBuildPhase;
			buildActionMask = 2147483647;
			files = (
				FA1D0C3326B3DFBC00768432 /* RefrigerClipTests.swift in Sources */,
			);
			runOnlyForDeploymentPostprocessing = 0;
		};
		FA1D0C3526B3DFBC00768432 /* Sources */ = {
			isa = PBXSourcesBuildPhase;
			buildActionMask = 2147483647;
			files = (
				FA1D0C3E26B3DFBC00768432 /* RefrigerClipUITests.swift in Sources */,
			);
			runOnlyForDeploymentPostprocessing = 0;
		};
		FA319BA01E506DD500402ECA /* Sources */ = {
			isa = PBXSourcesBuildPhase;
			buildActionMask = 2147483647;
			files = (
				8FF717C021A38EFF009428D4 /* FoodModelService.swift in Sources */,
				FAFE1021267A3B67008B4121 /* MainView.swift in Sources */,
				FA66D56A21C494DB00944066 /* NotificationManager.swift in Sources */,
				FA8353AB28B0B3CB001F8EAC /* FoodGridView.swift in Sources */,
				FA319BB01E506DD500402ECA /* BetterRefriger.xcdatamodeld in Sources */,
				8F6A7CAF21E424DB004BBD5B /* SpaceType.swift in Sources */,
				FA6C976D21A43DDF0007CC1D /* CoreDataStack.swift in Sources */,
				8FF717C421A4E087009428D4 /* UIView+Subviews.swift in Sources */,
				FA466D7A21B6B032000F1B17 /* LabelButton.swift in Sources */,
				FADE5BAC213A4E8A0023BFF7 /* UIColor+MJColor.swift in Sources */,
				FA93AB0F269DD0D8001DF133 /* SelectAreaButtonSU.swift in Sources */,
				FA319BA81E506DD500402ECA /* AppDelegate.swift in Sources */,
				FA24006F21AAE73300AF8203 /* FoodModel.swift in Sources */,
				FAEC5B7D28A89D5200C4D4EA /* FoodInputView.swift in Sources */,
				8F6A7CB121E4280B004BBD5B /* SpaceManager.swift in Sources */,
				FA20D65D2153DC7600E6C093 /* String+substring.swift in Sources */,
				FA26C34F214FEA400081A506 /* UIToolbar+PickerOKButton.swift in Sources */,
				FA93AB11269DD8C6001DF133 /* Color+extension.swift in Sources */,
				FAAAC65F21CDFF12008CC382 /* FoodStatusLabel.swift in Sources */,
				FA8353A528A9D732001F8EAC /* LabelButton+SwiftUI.swift in Sources */,
				FAFE1023267A3BA5008B4121 /* SceneDelegate.swift in Sources */,
				FAEC5B7F28A8BAD500C4D4EA /* RegisterButton.swift in Sources */,
				FA24006C21A9845500AF8203 /* FoodInputViewModel.swift in Sources */,
				FA24006A21A6D7AD00AF8203 /* MainViewModel.swift in Sources */,
			);
			runOnlyForDeploymentPostprocessing = 0;
		};
		FAAAC66421D3C245008CC382 /* Sources */ = {
			isa = PBXSourcesBuildPhase;
			buildActionMask = 2147483647;
			files = (
				FAED744922599742000ACE6D /* MainViewModelTests.swift in Sources */,
				FAAAC66B21D3C245008CC382 /* BetterRefrigerTests.swift in Sources */,
				FA3F879421F0C60800ED49CD /* MainViewTest.swift in Sources */,
			);
			runOnlyForDeploymentPostprocessing = 0;
		};
/* End PBXSourcesBuildPhase section */

/* Begin PBXTargetDependency section */
		FA1D0C3026B3DFBC00768432 /* PBXTargetDependency */ = {
			isa = PBXTargetDependency;
			target = FA1D0C1C26B3DFBB00768432 /* RefrigerClip */;
			targetProxy = FA1D0C2F26B3DFBC00768432 /* PBXContainerItemProxy */;
		};
		FA1D0C3B26B3DFBC00768432 /* PBXTargetDependency */ = {
			isa = PBXTargetDependency;
			target = FA1D0C1C26B3DFBB00768432 /* RefrigerClip */;
			targetProxy = FA1D0C3A26B3DFBC00768432 /* PBXContainerItemProxy */;
		};
		FA1D0C4126B3DFBC00768432 /* PBXTargetDependency */ = {
			isa = PBXTargetDependency;
			target = FA1D0C1C26B3DFBB00768432 /* RefrigerClip */;
			targetProxy = FA1D0C4026B3DFBC00768432 /* PBXContainerItemProxy */;
		};
		FAAAC66E21D3C245008CC382 /* PBXTargetDependency */ = {
			isa = PBXTargetDependency;
			target = FA319BA31E506DD500402ECA /* BetterRefriger */;
			targetProxy = FAAAC66D21D3C245008CC382 /* PBXContainerItemProxy */;
		};
/* End PBXTargetDependency section */

/* Begin PBXVariantGroup section */
		FA319BB31E506DD500402ECA /* LaunchScreen.storyboard */ = {
			isa = PBXVariantGroup;
			children = (
				FA319BB41E506DD500402ECA /* Base */,
			);
			name = LaunchScreen.storyboard;
			sourceTree = "<group>";
		};
/* End PBXVariantGroup section */

/* Begin XCBuildConfiguration section */
		FA1D0C4426B3DFBC00768432 /* Debug */ = {
			isa = XCBuildConfiguration;
			buildSettings = {
				ASSETCATALOG_COMPILER_APPICON_NAME = AppIcon;
				ASSETCATALOG_COMPILER_GLOBAL_ACCENT_COLOR_NAME = AccentColor;
				CLANG_ANALYZER_NUMBER_OBJECT_CONVERSION = YES_AGGRESSIVE;
				CLANG_CXX_LANGUAGE_STANDARD = "gnu++14";
				CLANG_ENABLE_OBJC_WEAK = YES;
				CLANG_WARN_UNGUARDED_AVAILABILITY = YES_AGGRESSIVE;
				CODE_SIGN_ENTITLEMENTS = RefrigerClip/RefrigerClip.entitlements;
				CODE_SIGN_STYLE = Automatic;
				CURRENT_PROJECT_VERSION = 1.4.0;
				DEVELOPMENT_ASSET_PATHS = "\"RefrigerClip/Preview Content\"";
				DEVELOPMENT_TEAM = JVM82SQA75;
				ENABLE_PREVIEWS = YES;
				GCC_C_LANGUAGE_STANDARD = gnu11;
				INFOPLIST_FILE = RefrigerClip/Info.plist;
				IPHONEOS_DEPLOYMENT_TARGET = 14.5;
				LD_RUNPATH_SEARCH_PATHS = "$(inherited) @executable_path/Frameworks";
				MARKETING_VERSION = 1.4;
				MTL_ENABLE_DEBUG_INFO = INCLUDE_SOURCE;
				MTL_FAST_MATH = YES;
				PRODUCT_BUNDLE_IDENTIFIER = com.maengji.BetterRefriger.Clip;
				PRODUCT_NAME = "$(TARGET_NAME)";
				SWIFT_VERSION = 5.0;
				TARGETED_DEVICE_FAMILY = 1;
			};
			name = Debug;
		};
		FA1D0C4526B3DFBC00768432 /* Release */ = {
			isa = XCBuildConfiguration;
			buildSettings = {
				ASSETCATALOG_COMPILER_APPICON_NAME = AppIcon;
				ASSETCATALOG_COMPILER_GLOBAL_ACCENT_COLOR_NAME = AccentColor;
				CLANG_ANALYZER_NUMBER_OBJECT_CONVERSION = YES_AGGRESSIVE;
				CLANG_CXX_LANGUAGE_STANDARD = "gnu++14";
				CLANG_ENABLE_OBJC_WEAK = YES;
				CLANG_WARN_UNGUARDED_AVAILABILITY = YES_AGGRESSIVE;
				CODE_SIGN_ENTITLEMENTS = RefrigerClip/RefrigerClip.entitlements;
				CODE_SIGN_STYLE = Automatic;
				CURRENT_PROJECT_VERSION = 1.4.0;
				DEVELOPMENT_ASSET_PATHS = "\"RefrigerClip/Preview Content\"";
				DEVELOPMENT_TEAM = JVM82SQA75;
				ENABLE_PREVIEWS = YES;
				GCC_C_LANGUAGE_STANDARD = gnu11;
				INFOPLIST_FILE = RefrigerClip/Info.plist;
				IPHONEOS_DEPLOYMENT_TARGET = 14.5;
				LD_RUNPATH_SEARCH_PATHS = "$(inherited) @executable_path/Frameworks";
				MARKETING_VERSION = 1.4;
				MTL_FAST_MATH = YES;
				PRODUCT_BUNDLE_IDENTIFIER = com.maengji.BetterRefriger.Clip;
				PRODUCT_NAME = "$(TARGET_NAME)";
				SWIFT_VERSION = 5.0;
				TARGETED_DEVICE_FAMILY = 1;
			};
			name = Release;
		};
		FA1D0C4626B3DFBC00768432 /* Debug */ = {
			isa = XCBuildConfiguration;
			buildSettings = {
				ALWAYS_EMBED_SWIFT_STANDARD_LIBRARIES = YES;
				BUNDLE_LOADER = "$(TEST_HOST)";
				CLANG_ANALYZER_NUMBER_OBJECT_CONVERSION = YES_AGGRESSIVE;
				CLANG_CXX_LANGUAGE_STANDARD = "gnu++14";
				CLANG_ENABLE_OBJC_WEAK = YES;
				CLANG_WARN_UNGUARDED_AVAILABILITY = YES_AGGRESSIVE;
				CODE_SIGN_STYLE = Automatic;
				DEVELOPMENT_TEAM = JVM82SQA75;
				GCC_C_LANGUAGE_STANDARD = gnu11;
				INFOPLIST_FILE = RefrigerClipTests/Info.plist;
				IPHONEOS_DEPLOYMENT_TARGET = 14.5;
				LD_RUNPATH_SEARCH_PATHS = "$(inherited) @executable_path/Frameworks @loader_path/Frameworks";
				MTL_ENABLE_DEBUG_INFO = INCLUDE_SOURCE;
				MTL_FAST_MATH = YES;
				PRODUCT_BUNDLE_IDENTIFIER = com.maengji.BetterRefriger.RefrigerClipTests;
				PRODUCT_NAME = "$(TARGET_NAME)";
				SWIFT_VERSION = 5.0;
				TARGETED_DEVICE_FAMILY = "1,2";
				TEST_HOST = "$(BUILT_PRODUCTS_DIR)/RefrigerClip.app/RefrigerClip";
			};
			name = Debug;
		};
		FA1D0C4726B3DFBC00768432 /* Release */ = {
			isa = XCBuildConfiguration;
			buildSettings = {
				ALWAYS_EMBED_SWIFT_STANDARD_LIBRARIES = YES;
				BUNDLE_LOADER = "$(TEST_HOST)";
				CLANG_ANALYZER_NUMBER_OBJECT_CONVERSION = YES_AGGRESSIVE;
				CLANG_CXX_LANGUAGE_STANDARD = "gnu++14";
				CLANG_ENABLE_OBJC_WEAK = YES;
				CLANG_WARN_UNGUARDED_AVAILABILITY = YES_AGGRESSIVE;
				CODE_SIGN_STYLE = Automatic;
				DEVELOPMENT_TEAM = JVM82SQA75;
				GCC_C_LANGUAGE_STANDARD = gnu11;
				INFOPLIST_FILE = RefrigerClipTests/Info.plist;
				IPHONEOS_DEPLOYMENT_TARGET = 14.5;
				LD_RUNPATH_SEARCH_PATHS = "$(inherited) @executable_path/Frameworks @loader_path/Frameworks";
				MTL_FAST_MATH = YES;
				PRODUCT_BUNDLE_IDENTIFIER = com.maengji.BetterRefriger.RefrigerClipTests;
				PRODUCT_NAME = "$(TARGET_NAME)";
				SWIFT_VERSION = 5.0;
				TARGETED_DEVICE_FAMILY = "1,2";
				TEST_HOST = "$(BUILT_PRODUCTS_DIR)/RefrigerClip.app/RefrigerClip";
			};
			name = Release;
		};
		FA1D0C4826B3DFBC00768432 /* Debug */ = {
			isa = XCBuildConfiguration;
			buildSettings = {
				ALWAYS_EMBED_SWIFT_STANDARD_LIBRARIES = YES;
				CLANG_ANALYZER_NUMBER_OBJECT_CONVERSION = YES_AGGRESSIVE;
				CLANG_CXX_LANGUAGE_STANDARD = "gnu++14";
				CLANG_ENABLE_OBJC_WEAK = YES;
				CLANG_WARN_UNGUARDED_AVAILABILITY = YES_AGGRESSIVE;
				CODE_SIGN_STYLE = Automatic;
				DEVELOPMENT_TEAM = JVM82SQA75;
				GCC_C_LANGUAGE_STANDARD = gnu11;
				INFOPLIST_FILE = RefrigerClipUITests/Info.plist;
				IPHONEOS_DEPLOYMENT_TARGET = 14.5;
				LD_RUNPATH_SEARCH_PATHS = "$(inherited) @executable_path/Frameworks @loader_path/Frameworks";
				MTL_ENABLE_DEBUG_INFO = INCLUDE_SOURCE;
				MTL_FAST_MATH = YES;
				PRODUCT_BUNDLE_IDENTIFIER = com.maengji.BetterRefriger.RefrigerClipUITests;
				PRODUCT_NAME = "$(TARGET_NAME)";
				SWIFT_VERSION = 5.0;
				TARGETED_DEVICE_FAMILY = "1,2";
				TEST_TARGET_NAME = RefrigerClip;
			};
			name = Debug;
		};
		FA1D0C4926B3DFBC00768432 /* Release */ = {
			isa = XCBuildConfiguration;
			buildSettings = {
				ALWAYS_EMBED_SWIFT_STANDARD_LIBRARIES = YES;
				CLANG_ANALYZER_NUMBER_OBJECT_CONVERSION = YES_AGGRESSIVE;
				CLANG_CXX_LANGUAGE_STANDARD = "gnu++14";
				CLANG_ENABLE_OBJC_WEAK = YES;
				CLANG_WARN_UNGUARDED_AVAILABILITY = YES_AGGRESSIVE;
				CODE_SIGN_STYLE = Automatic;
				DEVELOPMENT_TEAM = JVM82SQA75;
				GCC_C_LANGUAGE_STANDARD = gnu11;
				INFOPLIST_FILE = RefrigerClipUITests/Info.plist;
				IPHONEOS_DEPLOYMENT_TARGET = 14.5;
				LD_RUNPATH_SEARCH_PATHS = "$(inherited) @executable_path/Frameworks @loader_path/Frameworks";
				MTL_FAST_MATH = YES;
				PRODUCT_BUNDLE_IDENTIFIER = com.maengji.BetterRefriger.RefrigerClipUITests;
				PRODUCT_NAME = "$(TARGET_NAME)";
				SWIFT_VERSION = 5.0;
				TARGETED_DEVICE_FAMILY = "1,2";
				TEST_TARGET_NAME = RefrigerClip;
			};
			name = Release;
		};
		FA319BB71E506DD500402ECA /* Debug */ = {
			isa = XCBuildConfiguration;
			buildSettings = {
				ALWAYS_SEARCH_USER_PATHS = NO;
				CLANG_ANALYZER_LOCALIZABILITY_NONLOCALIZED = YES;
				CLANG_ANALYZER_NONNULL = YES;
				CLANG_CXX_LANGUAGE_STANDARD = "gnu++0x";
				CLANG_CXX_LIBRARY = "libc++";
				CLANG_ENABLE_MODULES = YES;
				CLANG_ENABLE_OBJC_ARC = YES;
				CLANG_WARN_BLOCK_CAPTURE_AUTORELEASING = YES;
				CLANG_WARN_BOOL_CONVERSION = YES;
				CLANG_WARN_COMMA = YES;
				CLANG_WARN_CONSTANT_CONVERSION = YES;
				CLANG_WARN_DEPRECATED_OBJC_IMPLEMENTATIONS = YES;
				CLANG_WARN_DIRECT_OBJC_ISA_USAGE = YES_ERROR;
				CLANG_WARN_DOCUMENTATION_COMMENTS = YES;
				CLANG_WARN_EMPTY_BODY = YES;
				CLANG_WARN_ENUM_CONVERSION = YES;
				CLANG_WARN_INFINITE_RECURSION = YES;
				CLANG_WARN_INT_CONVERSION = YES;
				CLANG_WARN_NON_LITERAL_NULL_CONVERSION = YES;
				CLANG_WARN_OBJC_IMPLICIT_RETAIN_SELF = YES;
				CLANG_WARN_OBJC_LITERAL_CONVERSION = YES;
				CLANG_WARN_OBJC_ROOT_CLASS = YES_ERROR;
				CLANG_WARN_QUOTED_INCLUDE_IN_FRAMEWORK_HEADER = YES;
				CLANG_WARN_RANGE_LOOP_ANALYSIS = YES;
				CLANG_WARN_STRICT_PROTOTYPES = YES;
				CLANG_WARN_SUSPICIOUS_MOVE = YES;
				CLANG_WARN_UNREACHABLE_CODE = YES;
				CLANG_WARN__DUPLICATE_METHOD_MATCH = YES;
				"CODE_SIGN_IDENTITY[sdk=iphoneos*]" = "iPhone Developer";
				COPY_PHASE_STRIP = NO;
				DEBUG_INFORMATION_FORMAT = dwarf;
				ENABLE_STRICT_OBJC_MSGSEND = YES;
				ENABLE_TESTABILITY = YES;
				GCC_C_LANGUAGE_STANDARD = gnu99;
				GCC_DYNAMIC_NO_PIC = NO;
				GCC_NO_COMMON_BLOCKS = YES;
				GCC_OPTIMIZATION_LEVEL = 0;
				GCC_PREPROCESSOR_DEFINITIONS = (
					"DEBUG=1",
					"$(inherited)",
				);
				GCC_WARN_64_TO_32_BIT_CONVERSION = YES;
				GCC_WARN_ABOUT_RETURN_TYPE = YES_ERROR;
				GCC_WARN_UNDECLARED_SELECTOR = YES;
				GCC_WARN_UNINITIALIZED_AUTOS = YES_AGGRESSIVE;
				GCC_WARN_UNUSED_FUNCTION = YES;
				GCC_WARN_UNUSED_VARIABLE = YES;
				IPHONEOS_DEPLOYMENT_TARGET = 14.1;
				MTL_ENABLE_DEBUG_INFO = YES;
				ONLY_ACTIVE_ARCH = YES;
				SDKROOT = iphoneos;
				SWIFT_ACTIVE_COMPILATION_CONDITIONS = DEBUG;
				SWIFT_OPTIMIZATION_LEVEL = "-Onone";
				SWIFT_VERSION = 5.0;
				TARGETED_DEVICE_FAMILY = "1,2";
			};
			name = Debug;
		};
		FA319BB81E506DD500402ECA /* Release */ = {
			isa = XCBuildConfiguration;
			buildSettings = {
				ALWAYS_SEARCH_USER_PATHS = NO;
				CLANG_ANALYZER_LOCALIZABILITY_NONLOCALIZED = YES;
				CLANG_ANALYZER_NONNULL = YES;
				CLANG_CXX_LANGUAGE_STANDARD = "gnu++0x";
				CLANG_CXX_LIBRARY = "libc++";
				CLANG_ENABLE_MODULES = YES;
				CLANG_ENABLE_OBJC_ARC = YES;
				CLANG_WARN_BLOCK_CAPTURE_AUTORELEASING = YES;
				CLANG_WARN_BOOL_CONVERSION = YES;
				CLANG_WARN_COMMA = YES;
				CLANG_WARN_CONSTANT_CONVERSION = YES;
				CLANG_WARN_DEPRECATED_OBJC_IMPLEMENTATIONS = YES;
				CLANG_WARN_DIRECT_OBJC_ISA_USAGE = YES_ERROR;
				CLANG_WARN_DOCUMENTATION_COMMENTS = YES;
				CLANG_WARN_EMPTY_BODY = YES;
				CLANG_WARN_ENUM_CONVERSION = YES;
				CLANG_WARN_INFINITE_RECURSION = YES;
				CLANG_WARN_INT_CONVERSION = YES;
				CLANG_WARN_NON_LITERAL_NULL_CONVERSION = YES;
				CLANG_WARN_OBJC_IMPLICIT_RETAIN_SELF = YES;
				CLANG_WARN_OBJC_LITERAL_CONVERSION = YES;
				CLANG_WARN_OBJC_ROOT_CLASS = YES_ERROR;
				CLANG_WARN_QUOTED_INCLUDE_IN_FRAMEWORK_HEADER = YES;
				CLANG_WARN_RANGE_LOOP_ANALYSIS = YES;
				CLANG_WARN_STRICT_PROTOTYPES = YES;
				CLANG_WARN_SUSPICIOUS_MOVE = YES;
				CLANG_WARN_UNREACHABLE_CODE = YES;
				CLANG_WARN__DUPLICATE_METHOD_MATCH = YES;
				"CODE_SIGN_IDENTITY[sdk=iphoneos*]" = "iPhone Developer";
				COPY_PHASE_STRIP = NO;
				DEBUG_INFORMATION_FORMAT = "dwarf-with-dsym";
				ENABLE_NS_ASSERTIONS = NO;
				ENABLE_STRICT_OBJC_MSGSEND = YES;
				GCC_C_LANGUAGE_STANDARD = gnu99;
				GCC_NO_COMMON_BLOCKS = YES;
				GCC_WARN_64_TO_32_BIT_CONVERSION = YES;
				GCC_WARN_ABOUT_RETURN_TYPE = YES_ERROR;
				GCC_WARN_UNDECLARED_SELECTOR = YES;
				GCC_WARN_UNINITIALIZED_AUTOS = YES_AGGRESSIVE;
				GCC_WARN_UNUSED_FUNCTION = YES;
				GCC_WARN_UNUSED_VARIABLE = YES;
				IPHONEOS_DEPLOYMENT_TARGET = 14.1;
				MTL_ENABLE_DEBUG_INFO = NO;
				SDKROOT = iphoneos;
				SWIFT_OPTIMIZATION_LEVEL = "-Owholemodule";
				SWIFT_VERSION = 5.0;
				TARGETED_DEVICE_FAMILY = "1,2";
				VALIDATE_PRODUCT = YES;
			};
			name = Release;
		};
		FA319BBA1E506DD500402ECA /* Debug */ = {
			isa = XCBuildConfiguration;
			baseConfigurationReference = B75DF2EB9ACD5B0FF7A4B3C9 /* Pods-BetterRefriger.debug.xcconfig */;
			buildSettings = {
				ALWAYS_EMBED_SWIFT_STANDARD_LIBRARIES = YES;
				ASSETCATALOG_COMPILER_APPICON_NAME = AppIcon;
				CODE_SIGN_ENTITLEMENTS = BetterRefriger/App/BetterRefriger.entitlements;
				DEVELOPMENT_TEAM = JVM82SQA75;
				INFOPLIST_FILE = "$(SRCROOT)/BetterRefriger/App/Info.plist";
				IPHONEOS_DEPLOYMENT_TARGET = 13.0;
				LD_RUNPATH_SEARCH_PATHS = "$(inherited) @executable_path/Frameworks";
				PRODUCT_BUNDLE_IDENTIFIER = com.maengji.BetterRefriger;
				PRODUCT_MODULE_NAME = BetterRefriger;
				PRODUCT_NAME = "더나은냉장고";
				SWIFT_VERSION = 5.0;
				TARGETED_DEVICE_FAMILY = 1;
			};
			name = Debug;
		};
		FA319BBB1E506DD500402ECA /* Release */ = {
			isa = XCBuildConfiguration;
			baseConfigurationReference = 9824B7B4658D5C874FE81DCD /* Pods-BetterRefriger.release.xcconfig */;
			buildSettings = {
				ALWAYS_EMBED_SWIFT_STANDARD_LIBRARIES = YES;
				ASSETCATALOG_COMPILER_APPICON_NAME = AppIcon;
				CODE_SIGN_ENTITLEMENTS = BetterRefriger/App/BetterRefriger.entitlements;
				DEVELOPMENT_TEAM = JVM82SQA75;
				INFOPLIST_FILE = "$(SRCROOT)/BetterRefriger/App/Info.plist";
				IPHONEOS_DEPLOYMENT_TARGET = 13.0;
				LD_RUNPATH_SEARCH_PATHS = "$(inherited) @executable_path/Frameworks";
				PRODUCT_BUNDLE_IDENTIFIER = com.maengji.BetterRefriger;
				PRODUCT_MODULE_NAME = BetterRefriger;
				PRODUCT_NAME = "더나은냉장고";
				SWIFT_VERSION = 5.0;
				TARGETED_DEVICE_FAMILY = 1;
			};
			name = Release;
		};
		FAAAC67021D3C245008CC382 /* Debug */ = {
			isa = XCBuildConfiguration;
			baseConfigurationReference = 00D1778D9A92923EF84D3F5F /* Pods-BetterRefrigerTests.debug.xcconfig */;
			buildSettings = {
				BUNDLE_LOADER = "$(TEST_HOST)";
				CLANG_ANALYZER_NUMBER_OBJECT_CONVERSION = YES_AGGRESSIVE;
				CLANG_CXX_LANGUAGE_STANDARD = "gnu++14";
				CLANG_ENABLE_OBJC_WEAK = YES;
				CLANG_WARN_UNGUARDED_AVAILABILITY = YES_AGGRESSIVE;
				CODE_SIGN_IDENTITY = "iPhone Developer";
				CODE_SIGN_STYLE = Automatic;
				DEVELOPMENT_TEAM = JVM82SQA75;
				GCC_C_LANGUAGE_STANDARD = gnu11;
				INFOPLIST_FILE = BetterRefrigerTests/Info.plist;
				IPHONEOS_DEPLOYMENT_TARGET = 13.0;
				LD_RUNPATH_SEARCH_PATHS = "$(inherited) @executable_path/Frameworks @loader_path/Frameworks";
				MTL_ENABLE_DEBUG_INFO = INCLUDE_SOURCE;
				MTL_FAST_MATH = YES;
				PRODUCT_BUNDLE_IDENTIFIER = com.BetterRefrigerTests;
				PRODUCT_NAME = "$(TARGET_NAME)";
				SWIFT_VERSION = 5.0;
				TARGETED_DEVICE_FAMILY = "1,2";
				TEST_HOST = "$(BUILT_PRODUCTS_DIR)/더나은냉장고.app/더나은냉장고";
			};
			name = Debug;
		};
		FAAAC67121D3C245008CC382 /* Release */ = {
			isa = XCBuildConfiguration;
			baseConfigurationReference = 5F30441B158C446E0240A453 /* Pods-BetterRefrigerTests.release.xcconfig */;
			buildSettings = {
				BUNDLE_LOADER = "$(TEST_HOST)";
				CLANG_ANALYZER_NUMBER_OBJECT_CONVERSION = YES_AGGRESSIVE;
				CLANG_CXX_LANGUAGE_STANDARD = "gnu++14";
				CLANG_ENABLE_OBJC_WEAK = YES;
				CLANG_WARN_UNGUARDED_AVAILABILITY = YES_AGGRESSIVE;
				CODE_SIGN_IDENTITY = "iPhone Developer";
				CODE_SIGN_STYLE = Automatic;
				DEVELOPMENT_TEAM = JVM82SQA75;
				GCC_C_LANGUAGE_STANDARD = gnu11;
				INFOPLIST_FILE = BetterRefrigerTests/Info.plist;
				IPHONEOS_DEPLOYMENT_TARGET = 13.0;
				LD_RUNPATH_SEARCH_PATHS = "$(inherited) @executable_path/Frameworks @loader_path/Frameworks";
				MTL_FAST_MATH = YES;
				PRODUCT_BUNDLE_IDENTIFIER = com.BetterRefrigerTests;
				PRODUCT_NAME = "$(TARGET_NAME)";
				SWIFT_VERSION = 5.0;
				TARGETED_DEVICE_FAMILY = "1,2";
				TEST_HOST = "$(BUILT_PRODUCTS_DIR)/더나은냉장고.app/더나은냉장고";
			};
			name = Release;
		};
/* End XCBuildConfiguration section */

/* Begin XCConfigurationList section */
		FA1D0C4A26B3DFBC00768432 /* Build configuration list for PBXNativeTarget "RefrigerClip" */ = {
			isa = XCConfigurationList;
			buildConfigurations = (
				FA1D0C4426B3DFBC00768432 /* Debug */,
				FA1D0C4526B3DFBC00768432 /* Release */,
			);
			defaultConfigurationIsVisible = 0;
			defaultConfigurationName = Release;
		};
		FA1D0C4B26B3DFBC00768432 /* Build configuration list for PBXNativeTarget "RefrigerClipTests" */ = {
			isa = XCConfigurationList;
			buildConfigurations = (
				FA1D0C4626B3DFBC00768432 /* Debug */,
				FA1D0C4726B3DFBC00768432 /* Release */,
			);
			defaultConfigurationIsVisible = 0;
			defaultConfigurationName = Release;
		};
		FA1D0C4C26B3DFBC00768432 /* Build configuration list for PBXNativeTarget "RefrigerClipUITests" */ = {
			isa = XCConfigurationList;
			buildConfigurations = (
				FA1D0C4826B3DFBC00768432 /* Debug */,
				FA1D0C4926B3DFBC00768432 /* Release */,
			);
			defaultConfigurationIsVisible = 0;
			defaultConfigurationName = Release;
		};
		FA319B9F1E506DD500402ECA /* Build configuration list for PBXProject "BetterRefriger" */ = {
			isa = XCConfigurationList;
			buildConfigurations = (
				FA319BB71E506DD500402ECA /* Debug */,
				FA319BB81E506DD500402ECA /* Release */,
			);
			defaultConfigurationIsVisible = 0;
			defaultConfigurationName = Release;
		};
		FA319BB91E506DD500402ECA /* Build configuration list for PBXNativeTarget "BetterRefriger" */ = {
			isa = XCConfigurationList;
			buildConfigurations = (
				FA319BBA1E506DD500402ECA /* Debug */,
				FA319BBB1E506DD500402ECA /* Release */,
			);
			defaultConfigurationIsVisible = 0;
			defaultConfigurationName = Release;
		};
		FAAAC66F21D3C245008CC382 /* Build configuration list for PBXNativeTarget "BetterRefrigerTests" */ = {
			isa = XCConfigurationList;
			buildConfigurations = (
				FAAAC67021D3C245008CC382 /* Debug */,
				FAAAC67121D3C245008CC382 /* Release */,
			);
			defaultConfigurationIsVisible = 0;
			defaultConfigurationName = Release;
		};
/* End XCConfigurationList section */

/* Begin XCVersionGroup section */
		FA319BAE1E506DD500402ECA /* BetterRefriger.xcdatamodeld */ = {
			isa = XCVersionGroup;
			children = (
				FA319BAF1E506DD500402ECA /* BetterRefriger.xcdatamodel */,
			);
			currentVersion = FA319BAF1E506DD500402ECA /* BetterRefriger.xcdatamodel */;
			path = BetterRefriger.xcdatamodeld;
			sourceTree = "<group>";
			versionGroupType = wrapper.xcdatamodel;
		};
/* End XCVersionGroup section */
	};
	rootObject = FA319B9C1E506DD500402ECA /* Project object */;
}
